// !$*UTF8*$!
{
	archiveVersion = 1;
	classes = {
	};
	objectVersion = 77;
	objects = {

/* Begin PBXBuildFile section */
		966597932E1DA51300E2288D /* AppDelegate.swift in Sources */ = {isa = PBXBuildFile; fileRef = 966597922E1DA51300E2288D /* AppDelegate.swift */; };
		966597952E1DA51300E2288D /* SceneDelegate.swift in Sources */ = {isa = PBXBuildFile; fileRef = 966597942E1DA51300E2288D /* SceneDelegate.swift */; };
		966597982E1DA51300E2288D /* LaunchScreen.storyboard in Resources */ = {isa = PBXBuildFile; fileRef = 966597962E1DA51300E2288D /* LaunchScreen.storyboard */; };
		9665979B2E1DA51300E2288D /* Main.storyboard in Resources */ = {isa = PBXBuildFile; fileRef = 966597992E1DA51300E2288D /* Main.storyboard */; };
		966597A42E1DA51300E2288D /* AppDelegate.swift in Sources */ = {isa = PBXBuildFile; fileRef = 966597A32E1DA51300E2288D /* AppDelegate.swift */; };
		966597A72E1DA51300E2288D /* Main.storyboard in Resources */ = {isa = PBXBuildFile; fileRef = 966597A52E1DA51300E2288D /* Main.storyboard */; };
		966597AF2E1DA51300E2288D /* Лагідна Українізація Extension.appex in Embed Foundation Extensions */ = {isa = PBXBuildFile; fileRef = 966597AE2E1DA51300E2288D /* Лагідна Українізація Extension.appex */; settings = {ATTRIBUTES = (RemoveHeadersOnCopy, ); }; };
		966597B92E1DA51300E2288D /* Лагідна Українізація Extension.appex in Embed Foundation Extensions */ = {isa = PBXBuildFile; fileRef = 966597B82E1DA51300E2288D /* Лагідна Українізація Extension.appex */; settings = {ATTRIBUTES = (RemoveHeadersOnCopy, ); }; };
		966597BF2E1DA51300E2288D /* Main.html in Resources */ = {isa = PBXBuildFile; fileRef = 966597822E1DA51200E2288D /* Main.html */; };
		966597C02E1DA51300E2288D /* Main.html in Resources */ = {isa = PBXBuildFile; fileRef = 966597822E1DA51200E2288D /* Main.html */; };
		966597C12E1DA51300E2288D /* Icon.png in Resources */ = {isa = PBXBuildFile; fileRef = 966597842E1DA51200E2288D /* Icon.png */; };
		966597C22E1DA51300E2288D /* Icon.png in Resources */ = {isa = PBXBuildFile; fileRef = 966597842E1DA51200E2288D /* Icon.png */; };
		966597C32E1DA51300E2288D /* Style.css in Resources */ = {isa = PBXBuildFile; fileRef = 966597852E1DA51200E2288D /* Style.css */; };
		966597C42E1DA51300E2288D /* Style.css in Resources */ = {isa = PBXBuildFile; fileRef = 966597852E1DA51200E2288D /* Style.css */; };
		966597C52E1DA51300E2288D /* Script.js in Resources */ = {isa = PBXBuildFile; fileRef = 966597862E1DA51200E2288D /* Script.js */; };
		966597C62E1DA51300E2288D /* Script.js in Resources */ = {isa = PBXBuildFile; fileRef = 966597862E1DA51200E2288D /* Script.js */; };
		966597C72E1DA51300E2288D /* ViewController.swift in Sources */ = {isa = PBXBuildFile; fileRef = 966597872E1DA51200E2288D /* ViewController.swift */; };
		966597C82E1DA51300E2288D /* ViewController.swift in Sources */ = {isa = PBXBuildFile; fileRef = 966597872E1DA51200E2288D /* ViewController.swift */; };
		966597C92E1DA51300E2288D /* Assets.xcassets in Resources */ = {isa = PBXBuildFile; fileRef = 966597882E1DA51300E2288D /* Assets.xcassets */; };
		966597CA2E1DA51300E2288D /* Assets.xcassets in Resources */ = {isa = PBXBuildFile; fileRef = 966597882E1DA51300E2288D /* Assets.xcassets */; };
		966597CB2E1DA51300E2288D /* SafariWebExtensionHandler.swift in Sources */ = {isa = PBXBuildFile; fileRef = 9665978A2E1DA51300E2288D /* SafariWebExtensionHandler.swift */; };
		966597CC2E1DA51300E2288D /* SafariWebExtensionHandler.swift in Sources */ = {isa = PBXBuildFile; fileRef = 9665978A2E1DA51300E2288D /* SafariWebExtensionHandler.swift */; };
		966597EF2E1DA51300E2288D /* semantic.min.css in Resources */ = {isa = PBXBuildFile; fileRef = 966597DF2E1DA51300E2288D /* semantic.min.css */; };
		966597F02E1DA51300E2288D /* background.bundle.js in Resources */ = {isa = PBXBuildFile; fileRef = 966597E12E1DA51300E2288D /* background.bundle.js */; };
		966597F12E1DA51300E2288D /* icon-64.png in Resources */ = {isa = PBXBuildFile; fileRef = 966597E22E1DA51300E2288D /* icon-64.png */; };
		966597F22E1DA51300E2288D /* hmara-green.svg in Resources */ = {isa = PBXBuildFile; fileRef = 966597E32E1DA51300E2288D /* hmara-green.svg */; };
		966597F32E1DA51300E2288D /* hmara.svg in Resources */ = {isa = PBXBuildFile; fileRef = 966597E42E1DA51300E2288D /* hmara.svg */; };
		966597F42E1DA51300E2288D /* options.bundle.js in Resources */ = {isa = PBXBuildFile; fileRef = 966597E52E1DA51300E2288D /* options.bundle.js */; };
		966597F52E1DA51300E2288D /* manifest.json in Resources */ = {isa = PBXBuildFile; fileRef = 966597E62E1DA51300E2288D /* manifest.json */; };
		966597F62E1DA51300E2288D /* options.html in Resources */ = {isa = PBXBuildFile; fileRef = 966597E72E1DA51300E2288D /* options.html */; };
		966597F72E1DA51300E2288D /* _locales in Resources */ = {isa = PBXBuildFile; fileRef = 966597E82E1DA51300E2288D /* _locales */; };
		966597F82E1DA51300E2288D /* content.bundle.js in Resources */ = {isa = PBXBuildFile; fileRef = 966597E92E1DA51300E2288D /* content.bundle.js */; };
		966597F92E1DA51300E2288D /* icon-128.png in Resources */ = {isa = PBXBuildFile; fileRef = 966597EA2E1DA51300E2288D /* icon-128.png */; };
		966597FA2E1DA51300E2288D /* themes in Resources */ = {isa = PBXBuildFile; fileRef = 966597EB2E1DA51300E2288D /* themes */; };
		966597FB2E1DA51300E2288D /* icon-32.png in Resources */ = {isa = PBXBuildFile; fileRef = 966597ED2E1DA51300E2288D /* icon-32.png */; };
		966597FC2E1DA51300E2288D /* options.css in Resources */ = {isa = PBXBuildFile; fileRef = 966597EE2E1DA51300E2288D /* options.css */; };
		966597FD2E1DA51300E2288D /* semantic.min.css in Resources */ = {isa = PBXBuildFile; fileRef = 966597DF2E1DA51300E2288D /* semantic.min.css */; };
		966597FE2E1DA51300E2288D /* background.bundle.js in Resources */ = {isa = PBXBuildFile; fileRef = 966597E12E1DA51300E2288D /* background.bundle.js */; };
		966597FF2E1DA51300E2288D /* icon-64.png in Resources */ = {isa = PBXBuildFile; fileRef = 966597E22E1DA51300E2288D /* icon-64.png */; };
		966598002E1DA51300E2288D /* hmara-green.svg in Resources */ = {isa = PBXBuildFile; fileRef = 966597E32E1DA51300E2288D /* hmara-green.svg */; };
		966598012E1DA51300E2288D /* hmara.svg in Resources */ = {isa = PBXBuildFile; fileRef = 966597E42E1DA51300E2288D /* hmara.svg */; };
		966598022E1DA51300E2288D /* options.bundle.js in Resources */ = {isa = PBXBuildFile; fileRef = 966597E52E1DA51300E2288D /* options.bundle.js */; };
		966598032E1DA51300E2288D /* manifest.json in Resources */ = {isa = PBXBuildFile; fileRef = 966597E62E1DA51300E2288D /* manifest.json */; };
		966598042E1DA51300E2288D /* options.html in Resources */ = {isa = PBXBuildFile; fileRef = 966597E72E1DA51300E2288D /* options.html */; };
		966598052E1DA51300E2288D /* _locales in Resources */ = {isa = PBXBuildFile; fileRef = 966597E82E1DA51300E2288D /* _locales */; };
		966598062E1DA51300E2288D /* content.bundle.js in Resources */ = {isa = PBXBuildFile; fileRef = 966597E92E1DA51300E2288D /* content.bundle.js */; };
		966598072E1DA51300E2288D /* icon-128.png in Resources */ = {isa = PBXBuildFile; fileRef = 966597EA2E1DA51300E2288D /* icon-128.png */; };
		966598082E1DA51300E2288D /* themes in Resources */ = {isa = PBXBuildFile; fileRef = 966597EB2E1DA51300E2288D /* themes */; };
		966598092E1DA51300E2288D /* icon-32.png in Resources */ = {isa = PBXBuildFile; fileRef = 966597ED2E1DA51300E2288D /* icon-32.png */; };
		9665980A2E1DA51300E2288D /* options.css in Resources */ = {isa = PBXBuildFile; fileRef = 966597EE2E1DA51300E2288D /* options.css */; };
/* End PBXBuildFile section */

/* Begin PBXContainerItemProxy section */
		966597B02E1DA51300E2288D /* PBXContainerItemProxy */ = {
			isa = PBXContainerItemProxy;
			containerPortal = 9665977C2E1DA51100E2288D /* Project object */;
			proxyType = 1;
			remoteGlobalIDString = 966597AD2E1DA51300E2288D;
			remoteInfo = "Лагідна Українізація Extension (iOS)";
		};
		966597BA2E1DA51300E2288D /* PBXContainerItemProxy */ = {
			isa = PBXContainerItemProxy;
			containerPortal = 9665977C2E1DA51100E2288D /* Project object */;
			proxyType = 1;
			remoteGlobalIDString = 966597B72E1DA51300E2288D;
			remoteInfo = "Лагідна Українізація Extension (macOS)";
		};
/* End PBXContainerItemProxy section */

/* Begin PBXCopyFilesBuildPhase section */
		966597D22E1DA51300E2288D /* Embed Foundation Extensions */ = {
			isa = PBXCopyFilesBuildPhase;
			buildActionMask = 2147483647;
			dstPath = "";
			dstSubfolderSpec = 13;
			files = (
				966597AF2E1DA51300E2288D /* Лагідна Українізація Extension.appex in Embed Foundation Extensions */,
			);
			name = "Embed Foundation Extensions";
			runOnlyForDeploymentPostprocessing = 0;
		};
		966597D92E1DA51300E2288D /* Embed Foundation Extensions */ = {
			isa = PBXCopyFilesBuildPhase;
			buildActionMask = 2147483647;
			dstPath = "";
			dstSubfolderSpec = 13;
			files = (
				966597B92E1DA51300E2288D /* Лагідна Українізація Extension.appex in Embed Foundation Extensions */,
			);
			name = "Embed Foundation Extensions";
			runOnlyForDeploymentPostprocessing = 0;
		};
/* End PBXCopyFilesBuildPhase section */

/* Begin PBXFileReference section */
		966597832E1DA51200E2288D /* Base */ = {isa = PBXFileReference; lastKnownFileType = text.html; name = Base; path = Base.lproj/Main.html; sourceTree = "<group>"; };
		966597842E1DA51200E2288D /* Icon.png */ = {isa = PBXFileReference; lastKnownFileType = image.png; path = Icon.png; sourceTree = "<group>"; };
		966597852E1DA51200E2288D /* Style.css */ = {isa = PBXFileReference; lastKnownFileType = text.css; path = Style.css; sourceTree = "<group>"; };
		966597862E1DA51200E2288D /* Script.js */ = {isa = PBXFileReference; lastKnownFileType = sourcecode.javascript; path = Script.js; sourceTree = "<group>"; };
		966597872E1DA51200E2288D /* ViewController.swift */ = {isa = PBXFileReference; lastKnownFileType = sourcecode.swift; path = ViewController.swift; sourceTree = "<group>"; };
		966597882E1DA51300E2288D /* Assets.xcassets */ = {isa = PBXFileReference; lastKnownFileType = folder.assetcatalog; path = Assets.xcassets; sourceTree = "<group>"; };
		9665978A2E1DA51300E2288D /* SafariWebExtensionHandler.swift */ = {isa = PBXFileReference; lastKnownFileType = sourcecode.swift; path = SafariWebExtensionHandler.swift; sourceTree = "<group>"; };
		9665978F2E1DA51300E2288D /* Лагідна Українізація.app */ = {isa = PBXFileReference; explicitFileType = wrapper.application; includeInIndex = 0; path = "Лагідна Українізація.app"; sourceTree = BUILT_PRODUCTS_DIR; };
		966597922E1DA51300E2288D /* AppDelegate.swift */ = {isa = PBXFileReference; lastKnownFileType = sourcecode.swift; path = AppDelegate.swift; sourceTree = "<group>"; };
		966597942E1DA51300E2288D /* SceneDelegate.swift */ = {isa = PBXFileReference; lastKnownFileType = sourcecode.swift; path = SceneDelegate.swift; sourceTree = "<group>"; };
		966597972E1DA51300E2288D /* Base */ = {isa = PBXFileReference; lastKnownFileType = file.storyboard; name = Base; path = Base.lproj/LaunchScreen.storyboard; sourceTree = "<group>"; };
		9665979A2E1DA51300E2288D /* Base */ = {isa = PBXFileReference; lastKnownFileType = file.storyboard; name = Base; path = Base.lproj/Main.storyboard; sourceTree = "<group>"; };
		9665979C2E1DA51300E2288D /* Info.plist */ = {isa = PBXFileReference; lastKnownFileType = text.plist.xml; path = Info.plist; sourceTree = "<group>"; };
		966597A12E1DA51300E2288D /* Лагідна Українізація.app */ = {isa = PBXFileReference; explicitFileType = wrapper.application; includeInIndex = 0; path = "Лагідна Українізація.app"; sourceTree = BUILT_PRODUCTS_DIR; };
		966597A32E1DA51300E2288D /* AppDelegate.swift */ = {isa = PBXFileReference; lastKnownFileType = sourcecode.swift; path = AppDelegate.swift; sourceTree = "<group>"; };
		966597A62E1DA51300E2288D /* Base */ = {isa = PBXFileReference; lastKnownFileType = file.storyboard; name = Base; path = Base.lproj/Main.storyboard; sourceTree = "<group>"; };
		966597A82E1DA51300E2288D /* Info.plist */ = {isa = PBXFileReference; lastKnownFileType = text.plist.xml; path = Info.plist; sourceTree = "<group>"; };
		966597A92E1DA51300E2288D /* Лагідна Українізація.entitlements */ = {isa = PBXFileReference; lastKnownFileType = text.plist.entitlements; path = "Лагідна Українізація.entitlements"; sourceTree = "<group>"; };
		966597AE2E1DA51300E2288D /* Лагідна Українізація Extension.appex */ = {isa = PBXFileReference; explicitFileType = "wrapper.app-extension"; includeInIndex = 0; path = "Лагідна Українізація Extension.appex"; sourceTree = BUILT_PRODUCTS_DIR; };
		966597B32E1DA51300E2288D /* Info.plist */ = {isa = PBXFileReference; lastKnownFileType = text.plist.xml; path = Info.plist; sourceTree = "<group>"; };
		966597B82E1DA51300E2288D /* Лагідна Українізація Extension.appex */ = {isa = PBXFileReference; explicitFileType = "wrapper.app-extension"; includeInIndex = 0; path = "Лагідна Українізація Extension.appex"; sourceTree = BUILT_PRODUCTS_DIR; };
		966597BD2E1DA51300E2288D /* Info.plist */ = {isa = PBXFileReference; lastKnownFileType = text.plist.xml; path = Info.plist; sourceTree = "<group>"; };
		966597BE2E1DA51300E2288D /* Лагідна Українізація.entitlements */ = {isa = PBXFileReference; lastKnownFileType = text.plist.entitlements; path = "Лагідна Українізація.entitlements"; sourceTree = "<group>"; };
		966597DE2E1DA51300E2288D /* content.bundle.js.map */ = {isa = PBXFileReference; lastKnownFileType = "sourcecode.module-map"; name = content.bundle.js.map; path = ../../../build/content.bundle.js.map; sourceTree = "<group>"; };
		966597DF2E1DA51300E2288D /* semantic.min.css */ = {isa = PBXFileReference; lastKnownFileType = text.css; name = semantic.min.css; path = ../../../build/semantic.min.css; sourceTree = "<group>"; };
		966597E02E1DA51300E2288D /* options.bundle.js.map */ = {isa = PBXFileReference; lastKnownFileType = "sourcecode.module-map"; name = options.bundle.js.map; path = ../../../build/options.bundle.js.map; sourceTree = "<group>"; };
		966597E12E1DA51300E2288D /* background.bundle.js */ = {isa = PBXFileReference; lastKnownFileType = sourcecode.javascript; name = background.bundle.js; path = ../../../build/background.bundle.js; sourceTree = "<group>"; };
		966597E22E1DA51300E2288D /* icon-64.png */ = {isa = PBXFileReference; lastKnownFileType = image.png; name = "icon-64.png"; path = "../../../build/icon-64.png"; sourceTree = "<group>"; };
		966597E32E1DA51300E2288D /* hmara-green.svg */ = {isa = PBXFileReference; lastKnownFileType = text; name = "hmara-green.svg"; path = "../../../build/hmara-green.svg"; sourceTree = "<group>"; };
		966597E42E1DA51300E2288D /* hmara.svg */ = {isa = PBXFileReference; lastKnownFileType = text; name = hmara.svg; path = ../../../build/hmara.svg; sourceTree = "<group>"; };
		966597E52E1DA51300E2288D /* options.bundle.js */ = {isa = PBXFileReference; lastKnownFileType = sourcecode.javascript; name = options.bundle.js; path = ../../../build/options.bundle.js; sourceTree = "<group>"; };
		966597E62E1DA51300E2288D /* manifest.json */ = {isa = PBXFileReference; lastKnownFileType = text.json; name = manifest.json; path = ../../../build/manifest.json; sourceTree = "<group>"; };
		966597E72E1DA51300E2288D /* options.html */ = {isa = PBXFileReference; lastKnownFileType = text.html; name = options.html; path = ../../../build/options.html; sourceTree = "<group>"; };
		966597E82E1DA51300E2288D /* _locales */ = {isa = PBXFileReference; lastKnownFileType = folder; name = _locales; path = ../../../build/_locales; sourceTree = "<group>"; };
		966597E92E1DA51300E2288D /* content.bundle.js */ = {isa = PBXFileReference; lastKnownFileType = sourcecode.javascript; name = content.bundle.js; path = ../../../build/content.bundle.js; sourceTree = "<group>"; };
		966597EA2E1DA51300E2288D /* icon-128.png */ = {isa = PBXFileReference; lastKnownFileType = image.png; name = "icon-128.png"; path = "../../../build/icon-128.png"; sourceTree = "<group>"; };
		966597EB2E1DA51300E2288D /* themes */ = {isa = PBXFileReference; lastKnownFileType = folder; name = themes; path = ../../../build/themes; sourceTree = "<group>"; };
		966597EC2E1DA51300E2288D /* background.bundle.js.map */ = {isa = PBXFileReference; lastKnownFileType = "sourcecode.module-map"; name = background.bundle.js.map; path = ../../../build/background.bundle.js.map; sourceTree = "<group>"; };
		966597ED2E1DA51300E2288D /* icon-32.png */ = {isa = PBXFileReference; lastKnownFileType = image.png; name = "icon-32.png"; path = "../../../build/icon-32.png"; sourceTree = "<group>"; };
		966597EE2E1DA51300E2288D /* options.css */ = {isa = PBXFileReference; lastKnownFileType = text.css; name = options.css; path = ../../../build/options.css; sourceTree = "<group>"; };
/* End PBXFileReference section */

/* Begin PBXFrameworksBuildPhase section */
		9665978C2E1DA51300E2288D /* Frameworks */ = {
			isa = PBXFrameworksBuildPhase;
			buildActionMask = 2147483647;
			files = (
			);
			runOnlyForDeploymentPostprocessing = 0;
		};
		9665979E2E1DA51300E2288D /* Frameworks */ = {
			isa = PBXFrameworksBuildPhase;
			buildActionMask = 2147483647;
			files = (
			);
			runOnlyForDeploymentPostprocessing = 0;
		};
		966597AB2E1DA51300E2288D /* Frameworks */ = {
			isa = PBXFrameworksBuildPhase;
			buildActionMask = 2147483647;
			files = (
			);
			runOnlyForDeploymentPostprocessing = 0;
		};
		966597B52E1DA51300E2288D /* Frameworks */ = {
			isa = PBXFrameworksBuildPhase;
			buildActionMask = 2147483647;
			files = (
			);
			runOnlyForDeploymentPostprocessing = 0;
		};
/* End PBXFrameworksBuildPhase section */

/* Begin PBXGroup section */
		9665977B2E1DA51100E2288D = {
			isa = PBXGroup;
			children = (
				966597802E1DA51200E2288D /* Shared (App) */,
				966597892E1DA51300E2288D /* Shared (Extension) */,
				966597912E1DA51300E2288D /* iOS (App) */,
				966597A22E1DA51300E2288D /* macOS (App) */,
				966597B22E1DA51300E2288D /* iOS (Extension) */,
				966597BC2E1DA51300E2288D /* macOS (Extension) */,
				966597902E1DA51300E2288D /* Products */,
			);
			sourceTree = "<group>";
		};
		966597802E1DA51200E2288D /* Shared (App) */ = {
			isa = PBXGroup;
			children = (
				966597872E1DA51200E2288D /* ViewController.swift */,
				966597882E1DA51300E2288D /* Assets.xcassets */,
				966597812E1DA51200E2288D /* Resources */,
			);
			path = "Shared (App)";
			sourceTree = "<group>";
		};
		966597812E1DA51200E2288D /* Resources */ = {
			isa = PBXGroup;
			children = (
				966597822E1DA51200E2288D /* Main.html */,
				966597842E1DA51200E2288D /* Icon.png */,
				966597852E1DA51200E2288D /* Style.css */,
				966597862E1DA51200E2288D /* Script.js */,
			);
			path = Resources;
			sourceTree = "<group>";
		};
		966597892E1DA51300E2288D /* Shared (Extension) */ = {
			isa = PBXGroup;
			children = (
				966597DD2E1DA51300E2288D /* Resources */,
				9665978A2E1DA51300E2288D /* SafariWebExtensionHandler.swift */,
			);
			path = "Shared (Extension)";
			sourceTree = "<group>";
		};
		966597902E1DA51300E2288D /* Products */ = {
			isa = PBXGroup;
			children = (
				9665978F2E1DA51300E2288D /* Лагідна Українізація.app */,
				966597A12E1DA51300E2288D /* Лагідна Українізація.app */,
				966597AE2E1DA51300E2288D /* Лагідна Українізація Extension.appex */,
				966597B82E1DA51300E2288D /* Лагідна Українізація Extension.appex */,
			);
			name = Products;
			sourceTree = "<group>";
		};
		966597912E1DA51300E2288D /* iOS (App) */ = {
			isa = PBXGroup;
			children = (
				966597922E1DA51300E2288D /* AppDelegate.swift */,
				966597942E1DA51300E2288D /* SceneDelegate.swift */,
				966597962E1DA51300E2288D /* LaunchScreen.storyboard */,
				966597992E1DA51300E2288D /* Main.storyboard */,
				9665979C2E1DA51300E2288D /* Info.plist */,
			);
			path = "iOS (App)";
			sourceTree = "<group>";
		};
		966597A22E1DA51300E2288D /* macOS (App) */ = {
			isa = PBXGroup;
			children = (
				966597A32E1DA51300E2288D /* AppDelegate.swift */,
				966597A52E1DA51300E2288D /* Main.storyboard */,
				966597A82E1DA51300E2288D /* Info.plist */,
				966597A92E1DA51300E2288D /* Лагідна Українізація.entitlements */,
			);
			path = "macOS (App)";
			sourceTree = "<group>";
		};
		966597B22E1DA51300E2288D /* iOS (Extension) */ = {
			isa = PBXGroup;
			children = (
				966597B32E1DA51300E2288D /* Info.plist */,
			);
			path = "iOS (Extension)";
			sourceTree = "<group>";
		};
		966597BC2E1DA51300E2288D /* macOS (Extension) */ = {
			isa = PBXGroup;
			children = (
				966597BD2E1DA51300E2288D /* Info.plist */,
				966597BE2E1DA51300E2288D /* Лагідна Українізація.entitlements */,
			);
			path = "macOS (Extension)";
			sourceTree = "<group>";
		};
		966597DD2E1DA51300E2288D /* Resources */ = {
			isa = PBXGroup;
			children = (
				966597DE2E1DA51300E2288D /* content.bundle.js.map */,
				966597DF2E1DA51300E2288D /* semantic.min.css */,
				966597E02E1DA51300E2288D /* options.bundle.js.map */,
				966597E12E1DA51300E2288D /* background.bundle.js */,
				966597E22E1DA51300E2288D /* icon-64.png */,
				966597E32E1DA51300E2288D /* hmara-green.svg */,
				966597E42E1DA51300E2288D /* hmara.svg */,
				966597E52E1DA51300E2288D /* options.bundle.js */,
				966597E62E1DA51300E2288D /* manifest.json */,
				966597E72E1DA51300E2288D /* options.html */,
				966597E82E1DA51300E2288D /* _locales */,
				966597E92E1DA51300E2288D /* content.bundle.js */,
				966597EA2E1DA51300E2288D /* icon-128.png */,
				966597EB2E1DA51300E2288D /* themes */,
				966597EC2E1DA51300E2288D /* background.bundle.js.map */,
				966597ED2E1DA51300E2288D /* icon-32.png */,
				966597EE2E1DA51300E2288D /* options.css */,
			);
			name = Resources;
			path = "Shared (Extension)";
			sourceTree = SOURCE_ROOT;
		};
/* End PBXGroup section */

/* Begin PBXNativeTarget section */
		9665978E2E1DA51300E2288D /* Лагідна Українізація (iOS) */ = {
			isa = PBXNativeTarget;
			buildConfigurationList = 966597D32E1DA51300E2288D /* Build configuration list for PBXNativeTarget "Лагідна Українізація (iOS)" */;
			buildPhases = (
				9665978B2E1DA51300E2288D /* Sources */,
				9665978C2E1DA51300E2288D /* Frameworks */,
				9665978D2E1DA51300E2288D /* Resources */,
				966597D22E1DA51300E2288D /* Embed Foundation Extensions */,
			);
			buildRules = (
			);
			dependencies = (
				966597B12E1DA51300E2288D /* PBXTargetDependency */,
			);
			name = "Лагідна Українізація (iOS)";
			packageProductDependencies = (
			);
			productName = "Лагідна Українізація (iOS)";
			productReference = 9665978F2E1DA51300E2288D /* Лагідна Українізація.app */;
			productType = "com.apple.product-type.application";
		};
		966597A02E1DA51300E2288D /* Лагідна Українізація (macOS) */ = {
			isa = PBXNativeTarget;
			buildConfigurationList = 966597DA2E1DA51300E2288D /* Build configuration list for PBXNativeTarget "Лагідна Українізація (macOS)" */;
			buildPhases = (
				9665979D2E1DA51300E2288D /* Sources */,
				9665979E2E1DA51300E2288D /* Frameworks */,
				9665979F2E1DA51300E2288D /* Resources */,
				966597D92E1DA51300E2288D /* Embed Foundation Extensions */,
			);
			buildRules = (
			);
			dependencies = (
				966597BB2E1DA51300E2288D /* PBXTargetDependency */,
			);
			name = "Лагідна Українізація (macOS)";
			packageProductDependencies = (
			);
			productName = "Лагідна Українізація (macOS)";
			productReference = 966597A12E1DA51300E2288D /* Лагідна Українізація.app */;
			productType = "com.apple.product-type.application";
		};
		966597AD2E1DA51300E2288D /* Лагідна Українізація Extension (iOS) */ = {
			isa = PBXNativeTarget;
			buildConfigurationList = 966597CF2E1DA51300E2288D /* Build configuration list for PBXNativeTarget "Лагідна Українізація Extension (iOS)" */;
			buildPhases = (
				966597AA2E1DA51300E2288D /* Sources */,
				966597AB2E1DA51300E2288D /* Frameworks */,
				966597AC2E1DA51300E2288D /* Resources */,
			);
			buildRules = (
			);
			dependencies = (
			);
			name = "Лагідна Українізація Extension (iOS)";
			packageProductDependencies = (
			);
			productName = "Лагідна Українізація Extension (iOS)";
			productReference = 966597AE2E1DA51300E2288D /* Лагідна Українізація Extension.appex */;
			productType = "com.apple.product-type.app-extension";
		};
		966597B72E1DA51300E2288D /* Лагідна Українізація Extension (macOS) */ = {
			isa = PBXNativeTarget;
			buildConfigurationList = 966597D62E1DA51300E2288D /* Build configuration list for PBXNativeTarget "Лагідна Українізація Extension (macOS)" */;
			buildPhases = (
				966597B42E1DA51300E2288D /* Sources */,
				966597B52E1DA51300E2288D /* Frameworks */,
				966597B62E1DA51300E2288D /* Resources */,
			);
			buildRules = (
			);
			dependencies = (
			);
			name = "Лагідна Українізація Extension (macOS)";
			packageProductDependencies = (
			);
			productName = "Лагідна Українізація Extension (macOS)";
			productReference = 966597B82E1DA51300E2288D /* Лагідна Українізація Extension.appex */;
			productType = "com.apple.product-type.app-extension";
		};
/* End PBXNativeTarget section */

/* Begin PBXProject section */
		9665977C2E1DA51100E2288D /* Project object */ = {
			isa = PBXProject;
			attributes = {
				BuildIndependentTargetsInParallel = 1;
				LastSwiftUpdateCheck = 1620;
				LastUpgradeCheck = 1620;
				TargetAttributes = {
					9665978E2E1DA51300E2288D = {
						CreatedOnToolsVersion = 16.2;
					};
					966597A02E1DA51300E2288D = {
						CreatedOnToolsVersion = 16.2;
					};
					966597AD2E1DA51300E2288D = {
						CreatedOnToolsVersion = 16.2;
					};
					966597B72E1DA51300E2288D = {
						CreatedOnToolsVersion = 16.2;
					};
				};
			};
			buildConfigurationList = 9665977F2E1DA51100E2288D /* Build configuration list for PBXProject "Лагідна Українізація" */;
			developmentRegion = en;
			hasScannedForEncodings = 0;
			knownRegions = (
				en,
				Base,
			);
			mainGroup = 9665977B2E1DA51100E2288D;
			minimizedProjectReferenceProxies = 1;
			preferredProjectObjectVersion = 77;
			productRefGroup = 966597902E1DA51300E2288D /* Products */;
			projectDirPath = "";
			projectRoot = "";
			targets = (
				9665978E2E1DA51300E2288D /* Лагідна Українізація (iOS) */,
				966597A02E1DA51300E2288D /* Лагідна Українізація (macOS) */,
				966597AD2E1DA51300E2288D /* Лагідна Українізація Extension (iOS) */,
				966597B72E1DA51300E2288D /* Лагідна Українізація Extension (macOS) */,
			);
		};
/* End PBXProject section */

/* Begin PBXResourcesBuildPhase section */
		9665978D2E1DA51300E2288D /* Resources */ = {
			isa = PBXResourcesBuildPhase;
			buildActionMask = 2147483647;
			files = (
				966597C12E1DA51300E2288D /* Icon.png in Resources */,
				966597982E1DA51300E2288D /* LaunchScreen.storyboard in Resources */,
				966597BF2E1DA51300E2288D /* Main.html in Resources */,
				966597C52E1DA51300E2288D /* Script.js in Resources */,
				966597C92E1DA51300E2288D /* Assets.xcassets in Resources */,
				9665979B2E1DA51300E2288D /* Main.storyboard in Resources */,
				966597C32E1DA51300E2288D /* Style.css in Resources */,
			);
			runOnlyForDeploymentPostprocessing = 0;
		};
		9665979F2E1DA51300E2288D /* Resources */ = {
			isa = PBXResourcesBuildPhase;
			buildActionMask = 2147483647;
			files = (
				966597C22E1DA51300E2288D /* Icon.png in Resources */,
				966597C42E1DA51300E2288D /* Style.css in Resources */,
				966597A72E1DA51300E2288D /* Main.storyboard in Resources */,
				966597C62E1DA51300E2288D /* Script.js in Resources */,
				966597CA2E1DA51300E2288D /* Assets.xcassets in Resources */,
				966597C02E1DA51300E2288D /* Main.html in Resources */,
			);
			runOnlyForDeploymentPostprocessing = 0;
		};
		966597AC2E1DA51300E2288D /* Resources */ = {
			isa = PBXResourcesBuildPhase;
			buildActionMask = 2147483647;
			files = (
				966598052E1DA51300E2288D /* _locales in Resources */,
				966598062E1DA51300E2288D /* content.bundle.js in Resources */,
				966598002E1DA51300E2288D /* hmara-green.svg in Resources */,
				966598032E1DA51300E2288D /* manifest.json in Resources */,
				9665980A2E1DA51300E2288D /* options.css in Resources */,
				966598072E1DA51300E2288D /* icon-128.png in Resources */,
				966597FD2E1DA51300E2288D /* semantic.min.css in Resources */,
				966598042E1DA51300E2288D /* options.html in Resources */,
				966598022E1DA51300E2288D /* options.bundle.js in Resources */,
				966598082E1DA51300E2288D /* themes in Resources */,
				966598092E1DA51300E2288D /* icon-32.png in Resources */,
				966597FE2E1DA51300E2288D /* background.bundle.js in Resources */,
				966597FF2E1DA51300E2288D /* icon-64.png in Resources */,
				966598012E1DA51300E2288D /* hmara.svg in Resources */,
			);
			runOnlyForDeploymentPostprocessing = 0;
		};
		966597B62E1DA51300E2288D /* Resources */ = {
			isa = PBXResourcesBuildPhase;
			buildActionMask = 2147483647;
			files = (
				966597F72E1DA51300E2288D /* _locales in Resources */,
				966597F82E1DA51300E2288D /* content.bundle.js in Resources */,
				966597F22E1DA51300E2288D /* hmara-green.svg in Resources */,
				966597F52E1DA51300E2288D /* manifest.json in Resources */,
				966597FC2E1DA51300E2288D /* options.css in Resources */,
				966597F92E1DA51300E2288D /* icon-128.png in Resources */,
				966597EF2E1DA51300E2288D /* semantic.min.css in Resources */,
				966597F62E1DA51300E2288D /* options.html in Resources */,
				966597F42E1DA51300E2288D /* options.bundle.js in Resources */,
				966597FA2E1DA51300E2288D /* themes in Resources */,
				966597FB2E1DA51300E2288D /* icon-32.png in Resources */,
				966597F02E1DA51300E2288D /* background.bundle.js in Resources */,
				966597F12E1DA51300E2288D /* icon-64.png in Resources */,
				966597F32E1DA51300E2288D /* hmara.svg in Resources */,
			);
			runOnlyForDeploymentPostprocessing = 0;
		};
/* End PBXResourcesBuildPhase section */

/* Begin PBXSourcesBuildPhase section */
		9665978B2E1DA51300E2288D /* Sources */ = {
			isa = PBXSourcesBuildPhase;
			buildActionMask = 2147483647;
			files = (
				966597C72E1DA51300E2288D /* ViewController.swift in Sources */,
				966597932E1DA51300E2288D /* AppDelegate.swift in Sources */,
				966597952E1DA51300E2288D /* SceneDelegate.swift in Sources */,
			);
			runOnlyForDeploymentPostprocessing = 0;
		};
		9665979D2E1DA51300E2288D /* Sources */ = {
			isa = PBXSourcesBuildPhase;
			buildActionMask = 2147483647;
			files = (
				966597C82E1DA51300E2288D /* ViewController.swift in Sources */,
				966597A42E1DA51300E2288D /* AppDelegate.swift in Sources */,
			);
			runOnlyForDeploymentPostprocessing = 0;
		};
		966597AA2E1DA51300E2288D /* Sources */ = {
			isa = PBXSourcesBuildPhase;
			buildActionMask = 2147483647;
			files = (
				966597CB2E1DA51300E2288D /* SafariWebExtensionHandler.swift in Sources */,
			);
			runOnlyForDeploymentPostprocessing = 0;
		};
		966597B42E1DA51300E2288D /* Sources */ = {
			isa = PBXSourcesBuildPhase;
			buildActionMask = 2147483647;
			files = (
				966597CC2E1DA51300E2288D /* SafariWebExtensionHandler.swift in Sources */,
			);
			runOnlyForDeploymentPostprocessing = 0;
		};
/* End PBXSourcesBuildPhase section */

/* Begin PBXTargetDependency section */
		966597B12E1DA51300E2288D /* PBXTargetDependency */ = {
			isa = PBXTargetDependency;
			target = 966597AD2E1DA51300E2288D /* Лагідна Українізація Extension (iOS) */;
			targetProxy = 966597B02E1DA51300E2288D /* PBXContainerItemProxy */;
		};
		966597BB2E1DA51300E2288D /* PBXTargetDependency */ = {
			isa = PBXTargetDependency;
			target = 966597B72E1DA51300E2288D /* Лагідна Українізація Extension (macOS) */;
			targetProxy = 966597BA2E1DA51300E2288D /* PBXContainerItemProxy */;
		};
/* End PBXTargetDependency section */

/* Begin PBXVariantGroup section */
		966597822E1DA51200E2288D /* Main.html */ = {
			isa = PBXVariantGroup;
			children = (
				966597832E1DA51200E2288D /* Base */,
			);
			name = Main.html;
			sourceTree = "<group>";
		};
		966597962E1DA51300E2288D /* LaunchScreen.storyboard */ = {
			isa = PBXVariantGroup;
			children = (
				966597972E1DA51300E2288D /* Base */,
			);
			name = LaunchScreen.storyboard;
			sourceTree = "<group>";
		};
		966597992E1DA51300E2288D /* Main.storyboard */ = {
			isa = PBXVariantGroup;
			children = (
				9665979A2E1DA51300E2288D /* Base */,
			);
			name = Main.storyboard;
			sourceTree = "<group>";
		};
		966597A52E1DA51300E2288D /* Main.storyboard */ = {
			isa = PBXVariantGroup;
			children = (
				966597A62E1DA51300E2288D /* Base */,
			);
			name = Main.storyboard;
			sourceTree = "<group>";
		};
/* End PBXVariantGroup section */

/* Begin XCBuildConfiguration section */
		966597CD2E1DA51300E2288D /* Debug */ = {
			isa = XCBuildConfiguration;
			buildSettings = {
				ALWAYS_SEARCH_USER_PATHS = NO;
				ASSETCATALOG_COMPILER_GENERATE_SWIFT_ASSET_SYMBOL_EXTENSIONS = YES;
				CLANG_ANALYZER_NONNULL = YES;
				CLANG_ANALYZER_NUMBER_OBJECT_CONVERSION = YES_AGGRESSIVE;
				CLANG_CXX_LANGUAGE_STANDARD = "gnu++20";
				CLANG_ENABLE_MODULES = YES;
				CLANG_ENABLE_OBJC_ARC = YES;
				CLANG_ENABLE_OBJC_WEAK = YES;
				CLANG_WARN_BLOCK_CAPTURE_AUTORELEASING = YES;
				CLANG_WARN_BOOL_CONVERSION = YES;
				CLANG_WARN_COMMA = YES;
				CLANG_WARN_CONSTANT_CONVERSION = YES;
				CLANG_WARN_DEPRECATED_OBJC_IMPLEMENTATIONS = YES;
				CLANG_WARN_DIRECT_OBJC_ISA_USAGE = YES_ERROR;
				CLANG_WARN_DOCUMENTATION_COMMENTS = YES;
				CLANG_WARN_EMPTY_BODY = YES;
				CLANG_WARN_ENUM_CONVERSION = YES;
				CLANG_WARN_INFINITE_RECURSION = YES;
				CLANG_WARN_INT_CONVERSION = YES;
				CLANG_WARN_NON_LITERAL_NULL_CONVERSION = YES;
				CLANG_WARN_OBJC_IMPLICIT_RETAIN_SELF = YES;
				CLANG_WARN_OBJC_LITERAL_CONVERSION = YES;
				CLANG_WARN_OBJC_ROOT_CLASS = YES_ERROR;
				CLANG_WARN_QUOTED_INCLUDE_IN_FRAMEWORK_HEADER = YES;
				CLANG_WARN_RANGE_LOOP_ANALYSIS = YES;
				CLANG_WARN_STRICT_PROTOTYPES = YES;
				CLANG_WARN_SUSPICIOUS_MOVE = YES;
				CLANG_WARN_UNGUARDED_AVAILABILITY = YES_AGGRESSIVE;
				CLANG_WARN_UNREACHABLE_CODE = YES;
				CLANG_WARN__DUPLICATE_METHOD_MATCH = YES;
				COPY_PHASE_STRIP = NO;
				DEBUG_INFORMATION_FORMAT = dwarf;
				ENABLE_STRICT_OBJC_MSGSEND = YES;
				ENABLE_TESTABILITY = YES;
				ENABLE_USER_SCRIPT_SANDBOXING = YES;
				GCC_C_LANGUAGE_STANDARD = gnu17;
				GCC_DYNAMIC_NO_PIC = NO;
				GCC_NO_COMMON_BLOCKS = YES;
				GCC_OPTIMIZATION_LEVEL = 0;
				GCC_PREPROCESSOR_DEFINITIONS = (
					"DEBUG=1",
					"$(inherited)",
				);
				GCC_WARN_64_TO_32_BIT_CONVERSION = YES;
				GCC_WARN_ABOUT_RETURN_TYPE = YES_ERROR;
				GCC_WARN_UNDECLARED_SELECTOR = YES;
				GCC_WARN_UNINITIALIZED_AUTOS = YES_AGGRESSIVE;
				GCC_WARN_UNUSED_FUNCTION = YES;
				GCC_WARN_UNUSED_VARIABLE = YES;
				LOCALIZATION_PREFERS_STRING_CATALOGS = YES;
				MTL_ENABLE_DEBUG_INFO = INCLUDE_SOURCE;
				MTL_FAST_MATH = YES;
				ONLY_ACTIVE_ARCH = YES;
				SWIFT_ACTIVE_COMPILATION_CONDITIONS = "DEBUG $(inherited)";
				SWIFT_OPTIMIZATION_LEVEL = "-Onone";
			};
			name = Debug;
		};
		966597CE2E1DA51300E2288D /* Release */ = {
			isa = XCBuildConfiguration;
			buildSettings = {
				ALWAYS_SEARCH_USER_PATHS = NO;
				ASSETCATALOG_COMPILER_GENERATE_SWIFT_ASSET_SYMBOL_EXTENSIONS = YES;
				CLANG_ANALYZER_NONNULL = YES;
				CLANG_ANALYZER_NUMBER_OBJECT_CONVERSION = YES_AGGRESSIVE;
				CLANG_CXX_LANGUAGE_STANDARD = "gnu++20";
				CLANG_ENABLE_MODULES = YES;
				CLANG_ENABLE_OBJC_ARC = YES;
				CLANG_ENABLE_OBJC_WEAK = YES;
				CLANG_WARN_BLOCK_CAPTURE_AUTORELEASING = YES;
				CLANG_WARN_BOOL_CONVERSION = YES;
				CLANG_WARN_COMMA = YES;
				CLANG_WARN_CONSTANT_CONVERSION = YES;
				CLANG_WARN_DEPRECATED_OBJC_IMPLEMENTATIONS = YES;
				CLANG_WARN_DIRECT_OBJC_ISA_USAGE = YES_ERROR;
				CLANG_WARN_DOCUMENTATION_COMMENTS = YES;
				CLANG_WARN_EMPTY_BODY = YES;
				CLANG_WARN_ENUM_CONVERSION = YES;
				CLANG_WARN_INFINITE_RECURSION = YES;
				CLANG_WARN_INT_CONVERSION = YES;
				CLANG_WARN_NON_LITERAL_NULL_CONVERSION = YES;
				CLANG_WARN_OBJC_IMPLICIT_RETAIN_SELF = YES;
				CLANG_WARN_OBJC_LITERAL_CONVERSION = YES;
				CLANG_WARN_OBJC_ROOT_CLASS = YES_ERROR;
				CLANG_WARN_QUOTED_INCLUDE_IN_FRAMEWORK_HEADER = YES;
				CLANG_WARN_RANGE_LOOP_ANALYSIS = YES;
				CLANG_WARN_STRICT_PROTOTYPES = YES;
				CLANG_WARN_SUSPICIOUS_MOVE = YES;
				CLANG_WARN_UNGUARDED_AVAILABILITY = YES_AGGRESSIVE;
				CLANG_WARN_UNREACHABLE_CODE = YES;
				CLANG_WARN__DUPLICATE_METHOD_MATCH = YES;
				COPY_PHASE_STRIP = NO;
				DEBUG_INFORMATION_FORMAT = "dwarf-with-dsym";
				ENABLE_NS_ASSERTIONS = NO;
				ENABLE_STRICT_OBJC_MSGSEND = YES;
				ENABLE_USER_SCRIPT_SANDBOXING = YES;
				GCC_C_LANGUAGE_STANDARD = gnu17;
				GCC_NO_COMMON_BLOCKS = YES;
				GCC_WARN_64_TO_32_BIT_CONVERSION = YES;
				GCC_WARN_ABOUT_RETURN_TYPE = YES_ERROR;
				GCC_WARN_UNDECLARED_SELECTOR = YES;
				GCC_WARN_UNINITIALIZED_AUTOS = YES_AGGRESSIVE;
				GCC_WARN_UNUSED_FUNCTION = YES;
				GCC_WARN_UNUSED_VARIABLE = YES;
				LOCALIZATION_PREFERS_STRING_CATALOGS = YES;
				MTL_ENABLE_DEBUG_INFO = NO;
				MTL_FAST_MATH = YES;
				SWIFT_COMPILATION_MODE = wholemodule;
			};
			name = Release;
		};
		966597D02E1DA51300E2288D /* Debug */ = {
			isa = XCBuildConfiguration;
			buildSettings = {
				CODE_SIGN_STYLE = Automatic;
				CURRENT_PROJECT_VERSION = 1;
				GENERATE_INFOPLIST_FILE = YES;
				INFOPLIST_FILE = "iOS (Extension)/Info.plist";
				INFOPLIST_KEY_CFBundleDisplayName = "Лагідна Українізація Extension";
				INFOPLIST_KEY_NSHumanReadableCopyright = "";
				IPHONEOS_DEPLOYMENT_TARGET = 15.0;
				LD_RUNPATH_SEARCH_PATHS = (
					"$(inherited)",
					"@executable_path/Frameworks",
					"@executable_path/../../Frameworks",
				);
				MARKETING_VERSION = 0.1.9;
				OTHER_LDFLAGS = (
					"-framework",
					SafariServices,
				);
				PRODUCT_BUNDLE_IDENTIFIER = "info.hmara.---------------------.Extension";
				PRODUCT_NAME = "Лагідна Українізація Extension";
				SDKROOT = iphoneos;
				SKIP_INSTALL = YES;
				SUPPORTED_PLATFORMS = "iphoneos iphonesimulator";
				SUPPORTS_MACCATALYST = NO;
				SUPPORTS_MAC_DESIGNED_FOR_IPHONE_IPAD = NO;
				SUPPORTS_XR_DESIGNED_FOR_IPHONE_IPAD = NO;
				SWIFT_EMIT_LOC_STRINGS = YES;
				SWIFT_VERSION = 5.0;
				TARGETED_DEVICE_FAMILY = "1,2";
			};
			name = Debug;
		};
		966597D12E1DA51300E2288D /* Release */ = {
			isa = XCBuildConfiguration;
			buildSettings = {
				CODE_SIGN_STYLE = Automatic;
				CURRENT_PROJECT_VERSION = 1;
				GENERATE_INFOPLIST_FILE = YES;
				INFOPLIST_FILE = "iOS (Extension)/Info.plist";
				INFOPLIST_KEY_CFBundleDisplayName = "Лагідна Українізація Extension";
				INFOPLIST_KEY_NSHumanReadableCopyright = "";
				IPHONEOS_DEPLOYMENT_TARGET = 15.0;
				LD_RUNPATH_SEARCH_PATHS = (
					"$(inherited)",
					"@executable_path/Frameworks",
					"@executable_path/../../Frameworks",
				);
				MARKETING_VERSION = 0.1.9;
				OTHER_LDFLAGS = (
					"-framework",
					SafariServices,
				);
				PRODUCT_BUNDLE_IDENTIFIER = "info.hmara.---------------------.Extension";
				PRODUCT_NAME = "Лагідна Українізація Extension";
				SDKROOT = iphoneos;
				SKIP_INSTALL = YES;
				SUPPORTED_PLATFORMS = "iphoneos iphonesimulator";
				SUPPORTS_MACCATALYST = NO;
				SUPPORTS_MAC_DESIGNED_FOR_IPHONE_IPAD = NO;
				SUPPORTS_XR_DESIGNED_FOR_IPHONE_IPAD = NO;
				SWIFT_EMIT_LOC_STRINGS = YES;
				SWIFT_VERSION = 5.0;
				TARGETED_DEVICE_FAMILY = "1,2";
				VALIDATE_PRODUCT = YES;
			};
			name = Release;
		};
		966597D42E1DA51300E2288D /* Debug */ = {
			isa = XCBuildConfiguration;
			buildSettings = {
				ASSETCATALOG_COMPILER_APPICON_NAME = AppIcon;
				ASSETCATALOG_COMPILER_GLOBAL_ACCENT_COLOR_NAME = AccentColor;
				CODE_SIGN_STYLE = Automatic;
				CURRENT_PROJECT_VERSION = 1;
				GENERATE_INFOPLIST_FILE = YES;
				INFOPLIST_FILE = "iOS (App)/Info.plist";
				INFOPLIST_KEY_CFBundleDisplayName = "Лагідна Українізація";
				INFOPLIST_KEY_UIApplicationSupportsIndirectInputEvents = YES;
				INFOPLIST_KEY_UILaunchStoryboardName = LaunchScreen;
				INFOPLIST_KEY_UIMainStoryboardFile = Main;
				INFOPLIST_KEY_UISupportedInterfaceOrientations = "UIInterfaceOrientationPortrait UIInterfaceOrientationLandscapeLeft UIInterfaceOrientationLandscapeRight";
				INFOPLIST_KEY_UISupportedInterfaceOrientations_iPad = "UIInterfaceOrientationPortrait UIInterfaceOrientationPortraitUpsideDown UIInterfaceOrientationLandscapeLeft UIInterfaceOrientationLandscapeRight";
				IPHONEOS_DEPLOYMENT_TARGET = 15.0;
				LD_RUNPATH_SEARCH_PATHS = (
					"$(inherited)",
					"@executable_path/Frameworks",
				);
				MARKETING_VERSION = 0.1.9;
				OTHER_LDFLAGS = (
					"-framework",
					SafariServices,
					"-framework",
					WebKit,
				);
				PRODUCT_BUNDLE_IDENTIFIER = "info.hmara.---------------------";
				PRODUCT_NAME = "Лагідна Українізація";
				SDKROOT = iphoneos;
				SUPPORTED_PLATFORMS = "iphoneos iphonesimulator";
				SUPPORTS_MACCATALYST = NO;
				SUPPORTS_MAC_DESIGNED_FOR_IPHONE_IPAD = NO;
				SUPPORTS_XR_DESIGNED_FOR_IPHONE_IPAD = NO;
				SWIFT_EMIT_LOC_STRINGS = YES;
				SWIFT_VERSION = 5.0;
				TARGETED_DEVICE_FAMILY = "1,2";
			};
			name = Debug;
		};
		966597D52E1DA51300E2288D /* Release */ = {
			isa = XCBuildConfiguration;
			buildSettings = {
				ASSETCATALOG_COMPILER_APPICON_NAME = AppIcon;
				ASSETCATALOG_COMPILER_GLOBAL_ACCENT_COLOR_NAME = AccentColor;
				CODE_SIGN_STYLE = Automatic;
				CURRENT_PROJECT_VERSION = 1;
				GENERATE_INFOPLIST_FILE = YES;
				INFOPLIST_FILE = "iOS (App)/Info.plist";
				INFOPLIST_KEY_CFBundleDisplayName = "Лагідна Українізація";
				INFOPLIST_KEY_UIApplicationSupportsIndirectInputEvents = YES;
				INFOPLIST_KEY_UILaunchStoryboardName = LaunchScreen;
				INFOPLIST_KEY_UIMainStoryboardFile = Main;
				INFOPLIST_KEY_UISupportedInterfaceOrientations = "UIInterfaceOrientationPortrait UIInterfaceOrientationLandscapeLeft UIInterfaceOrientationLandscapeRight";
				INFOPLIST_KEY_UISupportedInterfaceOrientations_iPad = "UIInterfaceOrientationPortrait UIInterfaceOrientationPortraitUpsideDown UIInterfaceOrientationLandscapeLeft UIInterfaceOrientationLandscapeRight";
				IPHONEOS_DEPLOYMENT_TARGET = 15.0;
				LD_RUNPATH_SEARCH_PATHS = (
					"$(inherited)",
					"@executable_path/Frameworks",
				);
				MARKETING_VERSION = 0.1.9;
				OTHER_LDFLAGS = (
					"-framework",
					SafariServices,
					"-framework",
					WebKit,
				);
				PRODUCT_BUNDLE_IDENTIFIER = "info.hmara.---------------------";
				PRODUCT_NAME = "Лагідна Українізація";
				SDKROOT = iphoneos;
				SUPPORTED_PLATFORMS = "iphoneos iphonesimulator";
				SUPPORTS_MACCATALYST = NO;
				SUPPORTS_MAC_DESIGNED_FOR_IPHONE_IPAD = NO;
				SUPPORTS_XR_DESIGNED_FOR_IPHONE_IPAD = NO;
				SWIFT_EMIT_LOC_STRINGS = YES;
				SWIFT_VERSION = 5.0;
				TARGETED_DEVICE_FAMILY = "1,2";
				VALIDATE_PRODUCT = YES;
			};
			name = Release;
		};
		966597D72E1DA51300E2288D /* Debug */ = {
			isa = XCBuildConfiguration;
			buildSettings = {
				CODE_SIGN_ENTITLEMENTS = "macOS (Extension)/Лагідна Українізація.entitlements";
				CODE_SIGN_STYLE = Automatic;
				CURRENT_PROJECT_VERSION = 1;
				ENABLE_HARDENED_RUNTIME = YES;
				GENERATE_INFOPLIST_FILE = YES;
				INFOPLIST_FILE = "macOS (Extension)/Info.plist";
				INFOPLIST_KEY_CFBundleDisplayName = "Лагідна Українізація Extension";
				INFOPLIST_KEY_NSHumanReadableCopyright = "";
				LD_RUNPATH_SEARCH_PATHS = (
					"$(inherited)",
					"@executable_path/../Frameworks",
					"@executable_path/../../../../Frameworks",
				);
				MACOSX_DEPLOYMENT_TARGET = 10.14;
				MARKETING_VERSION = 0.1.9;
				OTHER_LDFLAGS = (
					"-framework",
					SafariServices,
				);
				PRODUCT_BUNDLE_IDENTIFIER = "info.hmara.---------------------.Extension";
				PRODUCT_NAME = "Лагідна Українізація Extension";
				SDKROOT = macosx;
				SKIP_INSTALL = YES;
				SWIFT_EMIT_LOC_STRINGS = YES;
				SWIFT_VERSION = 5.0;
			};
			name = Debug;
		};
		966597D82E1DA51300E2288D /* Release */ = {
			isa = XCBuildConfiguration;
			buildSettings = {
				CODE_SIGN_ENTITLEMENTS = "macOS (Extension)/Лагідна Українізація.entitlements";
				CODE_SIGN_STYLE = Automatic;
				CURRENT_PROJECT_VERSION = 1;
				ENABLE_HARDENED_RUNTIME = YES;
				GENERATE_INFOPLIST_FILE = YES;
				INFOPLIST_FILE = "macOS (Extension)/Info.plist";
				INFOPLIST_KEY_CFBundleDisplayName = "Лагідна Українізація Extension";
				INFOPLIST_KEY_NSHumanReadableCopyright = "";
				LD_RUNPATH_SEARCH_PATHS = (
					"$(inherited)",
					"@executable_path/../Frameworks",
					"@executable_path/../../../../Frameworks",
				);
				MACOSX_DEPLOYMENT_TARGET = 10.14;
				MARKETING_VERSION = 0.1.9;
				OTHER_LDFLAGS = (
					"-framework",
					SafariServices,
				);
				PRODUCT_BUNDLE_IDENTIFIER = "info.hmara.---------------------.Extension";
				PRODUCT_NAME = "Лагідна Українізація Extension";
				SDKROOT = macosx;
				SKIP_INSTALL = YES;
				SWIFT_EMIT_LOC_STRINGS = YES;
				SWIFT_VERSION = 5.0;
			};
			name = Release;
		};
		966597DB2E1DA51300E2288D /* Debug */ = {
			isa = XCBuildConfiguration;
			buildSettings = {
				ASSETCATALOG_COMPILER_APPICON_NAME = AppIcon;
				ASSETCATALOG_COMPILER_GLOBAL_ACCENT_COLOR_NAME = AccentColor;
				CODE_SIGN_ENTITLEMENTS = "macOS (App)/Лагідна Українізація.entitlements";
				CODE_SIGN_STYLE = Automatic;
				CURRENT_PROJECT_VERSION = 1;
				ENABLE_HARDENED_RUNTIME = YES;
				GENERATE_INFOPLIST_FILE = YES;
				INFOPLIST_FILE = "macOS (App)/Info.plist";
				INFOPLIST_KEY_CFBundleDisplayName = "Лагідна Українізація";
				INFOPLIST_KEY_NSMainStoryboardFile = Main;
				INFOPLIST_KEY_NSPrincipalClass = NSApplication;
				LD_RUNPATH_SEARCH_PATHS = (
					"$(inherited)",
					"@executable_path/../Frameworks",
				);
				MACOSX_DEPLOYMENT_TARGET = 10.14;
				MARKETING_VERSION = 0.1.9;
				OTHER_LDFLAGS = (
					"-framework",
					SafariServices,
					"-framework",
					WebKit,
				);
				PRODUCT_BUNDLE_IDENTIFIER = "info.hmara.---------------------";
				PRODUCT_NAME = "Лагідна Українізація";
				SDKROOT = macosx;
				SWIFT_EMIT_LOC_STRINGS = YES;
				SWIFT_VERSION = 5.0;
			};
			name = Debug;
		};
		966597DC2E1DA51300E2288D /* Release */ = {
			isa = XCBuildConfiguration;
			buildSettings = {
				ASSETCATALOG_COMPILER_APPICON_NAME = AppIcon;
				ASSETCATALOG_COMPILER_GLOBAL_ACCENT_COLOR_NAME = AccentColor;
				CODE_SIGN_ENTITLEMENTS = "macOS (App)/Лагідна Українізація.entitlements";
				CODE_SIGN_STYLE = Automatic;
				CURRENT_PROJECT_VERSION = 1;
				ENABLE_HARDENED_RUNTIME = YES;
				GENERATE_INFOPLIST_FILE = YES;
				INFOPLIST_FILE = "macOS (App)/Info.plist";
				INFOPLIST_KEY_CFBundleDisplayName = "Лагідна Українізація";
				INFOPLIST_KEY_NSMainStoryboardFile = Main;
				INFOPLIST_KEY_NSPrincipalClass = NSApplication;
				LD_RUNPATH_SEARCH_PATHS = (
					"$(inherited)",
					"@executable_path/../Frameworks",
				);
				MACOSX_DEPLOYMENT_TARGET = 10.14;
				MARKETING_VERSION = 0.1.9;
				OTHER_LDFLAGS = (
					"-framework",
					SafariServices,
					"-framework",
					WebKit,
				);
				PRODUCT_BUNDLE_IDENTIFIER = "info.hmara.---------------------";
				PRODUCT_NAME = "Лагідна Українізація";
				SDKROOT = macosx;
				SWIFT_EMIT_LOC_STRINGS = YES;
				SWIFT_VERSION = 5.0;
			};
			name = Release;
		};
/* End XCBuildConfiguration section */

/* Begin XCConfigurationList section */
		9665977F2E1DA51100E2288D /* Build configuration list for PBXProject "Лагідна Українізація" */ = {
			isa = XCConfigurationList;
			buildConfigurations = (
				966597CD2E1DA51300E2288D /* Debug */,
				966597CE2E1DA51300E2288D /* Release */,
			);
			defaultConfigurationIsVisible = 0;
			defaultConfigurationName = Release;
		};
		966597CF2E1DA51300E2288D /* Build configuration list for PBXNativeTarget "Лагідна Українізація Extension (iOS)" */ = {
			isa = XCConfigurationList;
			buildConfigurations = (
				966597D02E1DA51300E2288D /* Debug */,
				966597D12E1DA51300E2288D /* Release */,
			);
			defaultConfigurationIsVisible = 0;
			defaultConfigurationName = Release;
		};
		966597D32E1DA51300E2288D /* Build configuration list for PBXNativeTarget "Лагідна Українізація (iOS)" */ = {
			isa = XCConfigurationList;
			buildConfigurations = (
				966597D42E1DA51300E2288D /* Debug */,
				966597D52E1DA51300E2288D /* Release */,
			);
			defaultConfigurationIsVisible = 0;
			defaultConfigurationName = Release;
		};
		966597D62E1DA51300E2288D /* Build configuration list for PBXNativeTarget "Лагідна Українізація Extension (macOS)" */ = {
			isa = XCConfigurationList;
			buildConfigurations = (
				966597D72E1DA51300E2288D /* Debug */,
				966597D82E1DA51300E2288D /* Release */,
			);
			defaultConfigurationIsVisible = 0;
			defaultConfigurationName = Release;
		};
		966597DA2E1DA51300E2288D /* Build configuration list for PBXNativeTarget "Лагідна Українізація (macOS)" */ = {
			isa = XCConfigurationList;
			buildConfigurations = (
				966597DB2E1DA51300E2288D /* Debug */,
				966597DC2E1DA51300E2288D /* Release */,
			);
			defaultConfigurationIsVisible = 0;
			defaultConfigurationName = Release;
		};
/* End XCConfigurationList section */
	};
	rootObject = 9665977C2E1DA51100E2288D /* Project object */;
}
