// !$*UTF8*$!
{
	archiveVersion = 1;
	classes = {
	};
	objectVersion = 77;
	objects = {

/* Begin PBXBuildFile section */
		967C79862F093F81000A6DED /* AppDelegate.swift in Sources */ = {isa = PBXBuildFile; fileRef = 967C79852F093F81000A6DED /* AppDelegate.swift */; };
		967C79882F093F81000A6DED /* SceneDelegate.swift in Sources */ = {isa = PBXBuildFile; fileRef = 967C79872F093F81000A6DED /* SceneDelegate.swift */; };
		967C798B2F093F81000A6DED /* LaunchScreen.storyboard in Resources */ = {isa = PBXBuildFile; fileRef = 967C79892F093F81000A6DED /* LaunchScreen.storyboard */; };
		967C798E2F093F81000A6DED /* Main.storyboard in Resources */ = {isa = PBXBuildFile; fileRef = 967C798C2F093F81000A6DED /* Main.storyboard */; };
		967C79972F093F81000A6DED /* AppDelegate.swift in Sources */ = {isa = PBXBuildFile; fileRef = 967C79962F093F81000A6DED /* AppDelegate.swift */; };
		967C799A2F093F81000A6DED /* Main.storyboard in Resources */ = {isa = PBXBuildFile; fileRef = 967C79982F093F81000A6DED /* Main.storyboard */; };
		967C79A12F093F81000A6DED /* Лагідна Українізація Extension.appex in Embed Foundation Extensions */ = {isa = PBXBuildFile; fileRef = 967C79A02F093F81000A6DED /* Лагідна Українізація Extension.appex */; settings = {ATTRIBUTES = (RemoveHeadersOnCopy, ); }; };
		967C79AB2F093F81000A6DED /* Лагідна Українізація Extension.appex in Embed Foundation Extensions */ = {isa = PBXBuildFile; fileRef = 967C79AA2F093F81000A6DED /* Лагідна Українізація Extension.appex */; settings = {ATTRIBUTES = (RemoveHeadersOnCopy, ); }; };
		967C79B02F093F81000A6DED /* Main.html in Resources */ = {isa = PBXBuildFile; fileRef = 967C79752F093F80000A6DED /* Main.html */; };
		967C79B12F093F81000A6DED /* Main.html in Resources */ = {isa = PBXBuildFile; fileRef = 967C79752F093F80000A6DED /* Main.html */; };
		967C79B22F093F81000A6DED /* Icon.png in Resources */ = {isa = PBXBuildFile; fileRef = 967C79772F093F80000A6DED /* Icon.png */; };
		967C79B32F093F81000A6DED /* Icon.png in Resources */ = {isa = PBXBuildFile; fileRef = 967C79772F093F80000A6DED /* Icon.png */; };
		967C79B42F093F81000A6DED /* Style.css in Resources */ = {isa = PBXBuildFile; fileRef = 967C79782F093F80000A6DED /* Style.css */; };
		967C79B52F093F81000A6DED /* Style.css in Resources */ = {isa = PBXBuildFile; fileRef = 967C79782F093F80000A6DED /* Style.css */; };
		967C79B62F093F81000A6DED /* Script.js in Resources */ = {isa = PBXBuildFile; fileRef = 967C79792F093F80000A6DED /* Script.js */; };
		967C79B72F093F81000A6DED /* Script.js in Resources */ = {isa = PBXBuildFile; fileRef = 967C79792F093F80000A6DED /* Script.js */; };
		967C79B82F093F81000A6DED /* ViewController.swift in Sources */ = {isa = PBXBuildFile; fileRef = 967C797A2F093F80000A6DED /* ViewController.swift */; };
		967C79B92F093F81000A6DED /* ViewController.swift in Sources */ = {isa = PBXBuildFile; fileRef = 967C797A2F093F80000A6DED /* ViewController.swift */; };
		967C79BA2F093F81000A6DED /* Assets.xcassets in Resources */ = {isa = PBXBuildFile; fileRef = 967C797B2F093F81000A6DED /* Assets.xcassets */; };
		967C79BB2F093F81000A6DED /* Assets.xcassets in Resources */ = {isa = PBXBuildFile; fileRef = 967C797B2F093F81000A6DED /* Assets.xcassets */; };
		967C79BC2F093F81000A6DED /* SafariWebExtensionHandler.swift in Sources */ = {isa = PBXBuildFile; fileRef = 967C797D2F093F81000A6DED /* SafariWebExtensionHandler.swift */; };
		967C79BD2F093F81000A6DED /* SafariWebExtensionHandler.swift in Sources */ = {isa = PBXBuildFile; fileRef = 967C797D2F093F81000A6DED /* SafariWebExtensionHandler.swift */; };
		967C79E02F093F81000A6DED /* semantic.min.css in Resources */ = {isa = PBXBuildFile; fileRef = 967C79D02F093F81000A6DED /* semantic.min.css */; };
		967C79E12F093F81000A6DED /* background.bundle.js in Resources */ = {isa = PBXBuildFile; fileRef = 967C79D22F093F81000A6DED /* background.bundle.js */; };
		967C79E22F093F81000A6DED /* icon-64.png in Resources */ = {isa = PBXBuildFile; fileRef = 967C79D32F093F81000A6DED /* icon-64.png */; };
		967C79E32F093F81000A6DED /* hmara-green.svg in Resources */ = {isa = PBXBuildFile; fileRef = 967C79D42F093F81000A6DED /* hmara-green.svg */; };
		967C79E42F093F81000A6DED /* hmara.svg in Resources */ = {isa = PBXBuildFile; fileRef = 967C79D52F093F81000A6DED /* hmara.svg */; };
		967C79E52F093F81000A6DED /* options.bundle.js in Resources */ = {isa = PBXBuildFile; fileRef = 967C79D62F093F81000A6DED /* options.bundle.js */; };
		967C79E62F093F81000A6DED /* manifest.json in Resources */ = {isa = PBXBuildFile; fileRef = 967C79D72F093F81000A6DED /* manifest.json */; };
		967C79E72F093F81000A6DED /* options.html in Resources */ = {isa = PBXBuildFile; fileRef = 967C79D82F093F81000A6DED /* options.html */; };
		967C79E82F093F81000A6DED /* _locales in Resources */ = {isa = PBXBuildFile; fileRef = 967C79D92F093F81000A6DED /* _locales */; };
		967C79E92F093F81000A6DED /* content.bundle.js in Resources */ = {isa = PBXBuildFile; fileRef = 967C79DA2F093F81000A6DED /* content.bundle.js */; };
		967C79EA2F093F81000A6DED /* icon-128.png in Resources */ = {isa = PBXBuildFile; fileRef = 967C79DB2F093F81000A6DED /* icon-128.png */; };
		967C79EB2F093F81000A6DED /* themes in Resources */ = {isa = PBXBuildFile; fileRef = 967C79DC2F093F81000A6DED /* themes */; };
		967C79EC2F093F81000A6DED /* icon-32.png in Resources */ = {isa = PBXBuildFile; fileRef = 967C79DE2F093F81000A6DED /* icon-32.png */; };
		967C79ED2F093F81000A6DED /* options.css in Resources */ = {isa = PBXBuildFile; fileRef = 967C79DF2F093F81000A6DED /* options.css */; };
		967C79EE2F093F81000A6DED /* semantic.min.css in Resources */ = {isa = PBXBuildFile; fileRef = 967C79D02F093F81000A6DED /* semantic.min.css */; };
		967C79EF2F093F81000A6DED /* background.bundle.js in Resources */ = {isa = PBXBuildFile; fileRef = 967C79D22F093F81000A6DED /* background.bundle.js */; };
		967C79F02F093F81000A6DED /* icon-64.png in Resources */ = {isa = PBXBuildFile; fileRef = 967C79D32F093F81000A6DED /* icon-64.png */; };
		967C79F12F093F81000A6DED /* hmara-green.svg in Resources */ = {isa = PBXBuildFile; fileRef = 967C79D42F093F81000A6DED /* hmara-green.svg */; };
		967C79F22F093F81000A6DED /* hmara.svg in Resources */ = {isa = PBXBuildFile; fileRef = 967C79D52F093F81000A6DED /* hmara.svg */; };
		967C79F32F093F81000A6DED /* options.bundle.js in Resources */ = {isa = PBXBuildFile; fileRef = 967C79D62F093F81000A6DED /* options.bundle.js */; };
		967C79F42F093F81000A6DED /* manifest.json in Resources */ = {isa = PBXBuildFile; fileRef = 967C79D72F093F81000A6DED /* manifest.json */; };
		967C79F52F093F81000A6DED /* options.html in Resources */ = {isa = PBXBuildFile; fileRef = 967C79D82F093F81000A6DED /* options.html */; };
		967C79F62F093F81000A6DED /* _locales in Resources */ = {isa = PBXBuildFile; fileRef = 967C79D92F093F81000A6DED /* _locales */; };
		967C79F72F093F81000A6DED /* content.bundle.js in Resources */ = {isa = PBXBuildFile; fileRef = 967C79DA2F093F81000A6DED /* content.bundle.js */; };
		967C79F82F093F81000A6DED /* icon-128.png in Resources */ = {isa = PBXBuildFile; fileRef = 967C79DB2F093F81000A6DED /* icon-128.png */; };
		967C79F92F093F81000A6DED /* themes in Resources */ = {isa = PBXBuildFile; fileRef = 967C79DC2F093F81000A6DED /* themes */; };
		967C79FA2F093F81000A6DED /* icon-32.png in Resources */ = {isa = PBXBuildFile; fileRef = 967C79DE2F093F81000A6DED /* icon-32.png */; };
		967C79FB2F093F81000A6DED /* options.css in Resources */ = {isa = PBXBuildFile; fileRef = 967C79DF2F093F81000A6DED /* options.css */; };
/* End PBXBuildFile section */

/* Begin PBXContainerItemProxy section */
		967C79A22F093F81000A6DED /* PBXContainerItemProxy */ = {
			isa = PBXContainerItemProxy;
			containerPortal = 967C796F2F093F80000A6DED /* Project object */;
			proxyType = 1;
			remoteGlobalIDString = 967C799F2F093F81000A6DED;
			remoteInfo = "Лагідна Українізація Extension (iOS)";
		};
		967C79AC2F093F81000A6DED /* PBXContainerItemProxy */ = {
			isa = PBXContainerItemProxy;
			containerPortal = 967C796F2F093F80000A6DED /* Project object */;
			proxyType = 1;
			remoteGlobalIDString = 967C79A92F093F81000A6DED;
			remoteInfo = "Лагідна Українізація Extension (macOS)";
		};
/* End PBXContainerItemProxy section */

/* Begin PBXCopyFilesBuildPhase section */
		967C79C32F093F81000A6DED /* Embed Foundation Extensions */ = {
			isa = PBXCopyFilesBuildPhase;
			buildActionMask = 2147483647;
			dstPath = "";
			dstSubfolderSpec = 13;
			files = (
				967C79A12F093F81000A6DED /* Лагідна Українізація Extension.appex in Embed Foundation Extensions */,
			);
			name = "Embed Foundation Extensions";
			runOnlyForDeploymentPostprocessing = 0;
		};
		967C79CA2F093F81000A6DED /* Embed Foundation Extensions */ = {
			isa = PBXCopyFilesBuildPhase;
			buildActionMask = 2147483647;
			dstPath = "";
			dstSubfolderSpec = 13;
			files = (
				967C79AB2F093F81000A6DED /* Лагідна Українізація Extension.appex in Embed Foundation Extensions */,
			);
			name = "Embed Foundation Extensions";
			runOnlyForDeploymentPostprocessing = 0;
		};
/* End PBXCopyFilesBuildPhase section */

/* Begin PBXFileReference section */
		967C79762F093F80000A6DED /* Base */ = {isa = PBXFileReference; lastKnownFileType = text.html; name = Base; path = Base.lproj/Main.html; sourceTree = "<group>"; };
		967C79772F093F80000A6DED /* Icon.png */ = {isa = PBXFileReference; lastKnownFileType = image.png; path = Icon.png; sourceTree = "<group>"; };
		967C79782F093F80000A6DED /* Style.css */ = {isa = PBXFileReference; lastKnownFileType = text.css; path = Style.css; sourceTree = "<group>"; };
		967C79792F093F80000A6DED /* Script.js */ = {isa = PBXFileReference; lastKnownFileType = sourcecode.javascript; path = Script.js; sourceTree = "<group>"; };
		967C797A2F093F80000A6DED /* ViewController.swift */ = {isa = PBXFileReference; lastKnownFileType = sourcecode.swift; path = ViewController.swift; sourceTree = "<group>"; };
		967C797B2F093F81000A6DED /* Assets.xcassets */ = {isa = PBXFileReference; lastKnownFileType = folder.assetcatalog; path = Assets.xcassets; sourceTree = "<group>"; };
		967C797D2F093F81000A6DED /* SafariWebExtensionHandler.swift */ = {isa = PBXFileReference; lastKnownFileType = sourcecode.swift; path = SafariWebExtensionHandler.swift; sourceTree = "<group>"; };
		967C79822F093F81000A6DED /* Лагідна Українізація.app */ = {isa = PBXFileReference; explicitFileType = wrapper.application; includeInIndex = 0; path = "Лагідна Українізація.app"; sourceTree = BUILT_PRODUCTS_DIR; };
		967C79852F093F81000A6DED /* AppDelegate.swift */ = {isa = PBXFileReference; lastKnownFileType = sourcecode.swift; path = AppDelegate.swift; sourceTree = "<group>"; };
		967C79872F093F81000A6DED /* SceneDelegate.swift */ = {isa = PBXFileReference; lastKnownFileType = sourcecode.swift; path = SceneDelegate.swift; sourceTree = "<group>"; };
		967C798A2F093F81000A6DED /* Base */ = {isa = PBXFileReference; lastKnownFileType = file.storyboard; name = Base; path = Base.lproj/LaunchScreen.storyboard; sourceTree = "<group>"; };
		967C798D2F093F81000A6DED /* Base */ = {isa = PBXFileReference; lastKnownFileType = file.storyboard; name = Base; path = Base.lproj/Main.storyboard; sourceTree = "<group>"; };
		967C798F2F093F81000A6DED /* Info.plist */ = {isa = PBXFileReference; lastKnownFileType = text.plist.xml; path = Info.plist; sourceTree = "<group>"; };
		967C79942F093F81000A6DED /* Лагідна Українізація.app */ = {isa = PBXFileReference; explicitFileType = wrapper.application; includeInIndex = 0; path = "Лагідна Українізація.app"; sourceTree = BUILT_PRODUCTS_DIR; };
		967C79962F093F81000A6DED /* AppDelegate.swift */ = {isa = PBXFileReference; lastKnownFileType = sourcecode.swift; path = AppDelegate.swift; sourceTree = "<group>"; };
		967C79992F093F81000A6DED /* Base */ = {isa = PBXFileReference; lastKnownFileType = file.storyboard; name = Base; path = Base.lproj/Main.storyboard; sourceTree = "<group>"; };
		967C799B2F093F81000A6DED /* Info.plist */ = {isa = PBXFileReference; lastKnownFileType = text.plist.xml; path = Info.plist; sourceTree = "<group>"; };
		967C79A02F093F81000A6DED /* Лагідна Українізація Extension.appex */ = {isa = PBXFileReference; explicitFileType = "wrapper.app-extension"; includeInIndex = 0; path = "Лагідна Українізація Extension.appex"; sourceTree = BUILT_PRODUCTS_DIR; };
		967C79A52F093F81000A6DED /* Info.plist */ = {isa = PBXFileReference; lastKnownFileType = text.plist.xml; path = Info.plist; sourceTree = "<group>"; };
		967C79AA2F093F81000A6DED /* Лагідна Українізація Extension.appex */ = {isa = PBXFileReference; explicitFileType = "wrapper.app-extension"; includeInIndex = 0; path = "Лагідна Українізація Extension.appex"; sourceTree = BUILT_PRODUCTS_DIR; };
		967C79AF2F093F81000A6DED /* Info.plist */ = {isa = PBXFileReference; lastKnownFileType = text.plist.xml; path = Info.plist; sourceTree = "<group>"; };
		967C79CF2F093F81000A6DED /* content.bundle.js.map */ = {isa = PBXFileReference; lastKnownFileType = "sourcecode.module-map"; name = content.bundle.js.map; path = ../../../build/content.bundle.js.map; sourceTree = "<group>"; };
		967C79D02F093F81000A6DED /* semantic.min.css */ = {isa = PBXFileReference; lastKnownFileType = text.css; name = semantic.min.css; path = ../../../build/semantic.min.css; sourceTree = "<group>"; };
		967C79D12F093F81000A6DED /* options.bundle.js.map */ = {isa = PBXFileReference; lastKnownFileType = "sourcecode.module-map"; name = options.bundle.js.map; path = ../../../build/options.bundle.js.map; sourceTree = "<group>"; };
		967C79D22F093F81000A6DED /* background.bundle.js */ = {isa = PBXFileReference; lastKnownFileType = sourcecode.javascript; name = background.bundle.js; path = ../../../build/background.bundle.js; sourceTree = "<group>"; };
		967C79D32F093F81000A6DED /* icon-64.png */ = {isa = PBXFileReference; lastKnownFileType = image.png; name = "icon-64.png"; path = "../../../build/icon-64.png"; sourceTree = "<group>"; };
		967C79D42F093F81000A6DED /* hmara-green.svg */ = {isa = PBXFileReference; lastKnownFileType = text; name = "hmara-green.svg"; path = "../../../build/hmara-green.svg"; sourceTree = "<group>"; };
		967C79D52F093F81000A6DED /* hmara.svg */ = {isa = PBXFileReference; lastKnownFileType = text; name = hmara.svg; path = ../../../build/hmara.svg; sourceTree = "<group>"; };
		967C79D62F093F81000A6DED /* options.bundle.js */ = {isa = PBXFileReference; lastKnownFileType = sourcecode.javascript; name = options.bundle.js; path = ../../../build/options.bundle.js; sourceTree = "<group>"; };
		967C79D72F093F81000A6DED /* manifest.json */ = {isa = PBXFileReference; lastKnownFileType = text.json; name = manifest.json; path = ../../../build/manifest.json; sourceTree = "<group>"; };
		967C79D82F093F81000A6DED /* options.html */ = {isa = PBXFileReference; lastKnownFileType = text.html; name = options.html; path = ../../../build/options.html; sourceTree = "<group>"; };
		967C79D92F093F81000A6DED /* _locales */ = {isa = PBXFileReference; lastKnownFileType = folder; name = _locales; path = ../../../build/_locales; sourceTree = "<group>"; };
		967C79DA2F093F81000A6DED /* content.bundle.js */ = {isa = PBXFileReference; lastKnownFileType = sourcecode.javascript; name = content.bundle.js; path = ../../../build/content.bundle.js; sourceTree = "<group>"; };
		967C79DB2F093F81000A6DED /* icon-128.png */ = {isa = PBXFileReference; lastKnownFileType = image.png; name = "icon-128.png"; path = "../../../build/icon-128.png"; sourceTree = "<group>"; };
		967C79DC2F093F81000A6DED /* themes */ = {isa = PBXFileReference; lastKnownFileType = folder; name = themes; path = ../../../build/themes; sourceTree = "<group>"; };
		967C79DD2F093F81000A6DED /* background.bundle.js.map */ = {isa = PBXFileReference; lastKnownFileType = "sourcecode.module-map"; name = background.bundle.js.map; path = ../../../build/background.bundle.js.map; sourceTree = "<group>"; };
		967C79DE2F093F81000A6DED /* icon-32.png */ = {isa = PBXFileReference; lastKnownFileType = image.png; name = "icon-32.png"; path = "../../../build/icon-32.png"; sourceTree = "<group>"; };
		967C79DF2F093F81000A6DED /* options.css */ = {isa = PBXFileReference; lastKnownFileType = text.css; name = options.css; path = ../../../build/options.css; sourceTree = "<group>"; };
/* End PBXFileReference section */

/* Begin PBXFrameworksBuildPhase section */
		967C797F2F093F81000A6DED /* Frameworks */ = {
			isa = PBXFrameworksBuildPhase;
			buildActionMask = 2147483647;
			files = (
			);
			runOnlyForDeploymentPostprocessing = 0;
		};
		967C79912F093F81000A6DED /* Frameworks */ = {
			isa = PBXFrameworksBuildPhase;
			buildActionMask = 2147483647;
			files = (
			);
			runOnlyForDeploymentPostprocessing = 0;
		};
		967C799D2F093F81000A6DED /* Frameworks */ = {
			isa = PBXFrameworksBuildPhase;
			buildActionMask = 2147483647;
			files = (
			);
			runOnlyForDeploymentPostprocessing = 0;
		};
		967C79A72F093F81000A6DED /* Frameworks */ = {
			isa = PBXFrameworksBuildPhase;
			buildActionMask = 2147483647;
			files = (
			);
			runOnlyForDeploymentPostprocessing = 0;
		};
/* End PBXFrameworksBuildPhase section */

/* Begin PBXGroup section */
		967C796E2F093F80000A6DED = {
			isa = PBXGroup;
			children = (
				967C79732F093F80000A6DED /* Shared (App) */,
				967C797C2F093F81000A6DED /* Shared (Extension) */,
				967C79842F093F81000A6DED /* iOS (App) */,
				967C79952F093F81000A6DED /* macOS (App) */,
				967C79A42F093F81000A6DED /* iOS (Extension) */,
				967C79AE2F093F81000A6DED /* macOS (Extension) */,
				967C79832F093F81000A6DED /* Products */,
			);
			sourceTree = "<group>";
		};
		967C79732F093F80000A6DED /* Shared (App) */ = {
			isa = PBXGroup;
			children = (
				967C797A2F093F80000A6DED /* ViewController.swift */,
				967C797B2F093F81000A6DED /* Assets.xcassets */,
				967C79742F093F80000A6DED /* Resources */,
			);
			path = "Shared (App)";
			sourceTree = "<group>";
		};
		967C79742F093F80000A6DED /* Resources */ = {
			isa = PBXGroup;
			children = (
				967C79752F093F80000A6DED /* Main.html */,
				967C79772F093F80000A6DED /* Icon.png */,
				967C79782F093F80000A6DED /* Style.css */,
				967C79792F093F80000A6DED /* Script.js */,
			);
			path = Resources;
			sourceTree = "<group>";
		};
		967C797C2F093F81000A6DED /* Shared (Extension) */ = {
			isa = PBXGroup;
			children = (
				967C79CE2F093F81000A6DED /* Resources */,
				967C797D2F093F81000A6DED /* SafariWebExtensionHandler.swift */,
			);
			path = "Shared (Extension)";
			sourceTree = "<group>";
		};
		967C79832F093F81000A6DED /* Products */ = {
			isa = PBXGroup;
			children = (
				967C79822F093F81000A6DED /* Лагідна Українізація.app */,
				967C79942F093F81000A6DED /* Лагідна Українізація.app */,
				967C79A02F093F81000A6DED /* Лагідна Українізація Extension.appex */,
				967C79AA2F093F81000A6DED /* Лагідна Українізація Extension.appex */,
			);
			name = Products;
			sourceTree = "<group>";
		};
		967C79842F093F81000A6DED /* iOS (App) */ = {
			isa = PBXGroup;
			children = (
				967C79852F093F81000A6DED /* AppDelegate.swift */,
				967C79872F093F81000A6DED /* SceneDelegate.swift */,
				967C79892F093F81000A6DED /* LaunchScreen.storyboard */,
				967C798C2F093F81000A6DED /* Main.storyboard */,
				967C798F2F093F81000A6DED /* Info.plist */,
			);
			path = "iOS (App)";
			sourceTree = "<group>";
		};
		967C79952F093F81000A6DED /* macOS (App) */ = {
			isa = PBXGroup;
			children = (
				967C79962F093F81000A6DED /* AppDelegate.swift */,
				967C79982F093F81000A6DED /* Main.storyboard */,
				967C799B2F093F81000A6DED /* Info.plist */,
			);
			path = "macOS (App)";
			sourceTree = "<group>";
		};
		967C79A42F093F81000A6DED /* iOS (Extension) */ = {
			isa = PBXGroup;
			children = (
				967C79A52F093F81000A6DED /* Info.plist */,
			);
			path = "iOS (Extension)";
			sourceTree = "<group>";
		};
		967C79AE2F093F81000A6DED /* macOS (Extension) */ = {
			isa = PBXGroup;
			children = (
				967C79AF2F093F81000A6DED /* Info.plist */,
			);
			path = "macOS (Extension)";
			sourceTree = "<group>";
		};
		967C79CE2F093F81000A6DED /* Resources */ = {
			isa = PBXGroup;
			children = (
				967C79CF2F093F81000A6DED /* content.bundle.js.map */,
				967C79D02F093F81000A6DED /* semantic.min.css */,
				967C79D12F093F81000A6DED /* options.bundle.js.map */,
				967C79D22F093F81000A6DED /* background.bundle.js */,
				967C79D32F093F81000A6DED /* icon-64.png */,
				967C79D42F093F81000A6DED /* hmara-green.svg */,
				967C79D52F093F81000A6DED /* hmara.svg */,
				967C79D62F093F81000A6DED /* options.bundle.js */,
				967C79D72F093F81000A6DED /* manifest.json */,
				967C79D82F093F81000A6DED /* options.html */,
				967C79D92F093F81000A6DED /* _locales */,
				967C79DA2F093F81000A6DED /* content.bundle.js */,
				967C79DB2F093F81000A6DED /* icon-128.png */,
				967C79DC2F093F81000A6DED /* themes */,
				967C79DD2F093F81000A6DED /* background.bundle.js.map */,
				967C79DE2F093F81000A6DED /* icon-32.png */,
				967C79DF2F093F81000A6DED /* options.css */,
			);
			name = Resources;
			path = "Shared (Extension)";
			sourceTree = SOURCE_ROOT;
		};
/* End PBXGroup section */

/* Begin PBXNativeTarget section */
		967C79812F093F81000A6DED /* Лагідна Українізація (iOS) */ = {
			isa = PBXNativeTarget;
			buildConfigurationList = 967C79C42F093F81000A6DED /* Build configuration list for PBXNativeTarget "Лагідна Українізація (iOS)" */;
			buildPhases = (
				967C797E2F093F81000A6DED /* Sources */,
				967C797F2F093F81000A6DED /* Frameworks */,
				967C79802F093F81000A6DED /* Resources */,
				967C79C32F093F81000A6DED /* Embed Foundation Extensions */,
			);
			buildRules = (
			);
			dependencies = (
				967C79A32F093F81000A6DED /* PBXTargetDependency */,
			);
			name = "Лагідна Українізація (iOS)";
			packageProductDependencies = (
			);
			productName = "Лагідна Українізація (iOS)";
			productReference = 967C79822F093F81000A6DED /* Лагідна Українізація.app */;
			productType = "com.apple.product-type.application";
		};
		967C79932F093F81000A6DED /* Лагідна Українізація (macOS) */ = {
			isa = PBXNativeTarget;
			buildConfigurationList = 967C79CB2F093F81000A6DED /* Build configuration list for PBXNativeTarget "Лагідна Українізація (macOS)" */;
			buildPhases = (
				967C79902F093F81000A6DED /* Sources */,
				967C79912F093F81000A6DED /* Frameworks */,
				967C79922F093F81000A6DED /* Resources */,
				967C79CA2F093F81000A6DED /* Embed Foundation Extensions */,
			);
			buildRules = (
			);
			dependencies = (
				967C79AD2F093F81000A6DED /* PBXTargetDependency */,
			);
			name = "Лагідна Українізація (macOS)";
			packageProductDependencies = (
			);
			productName = "Лагідна Українізація (macOS)";
			productReference = 967C79942F093F81000A6DED /* Лагідна Українізація.app */;
			productType = "com.apple.product-type.application";
		};
		967C799F2F093F81000A6DED /* Лагідна Українізація Extension (iOS) */ = {
			isa = PBXNativeTarget;
			buildConfigurationList = 967C79C02F093F81000A6DED /* Build configuration list for PBXNativeTarget "Лагідна Українізація Extension (iOS)" */;
			buildPhases = (
				967C799C2F093F81000A6DED /* Sources */,
				967C799D2F093F81000A6DED /* Frameworks */,
				967C799E2F093F81000A6DED /* Resources */,
			);
			buildRules = (
			);
			dependencies = (
			);
			name = "Лагідна Українізація Extension (iOS)";
			packageProductDependencies = (
			);
			productName = "Лагідна Українізація Extension (iOS)";
			productReference = 967C79A02F093F81000A6DED /* Лагідна Українізація Extension.appex */;
			productType = "com.apple.product-type.app-extension";
		};
		967C79A92F093F81000A6DED /* Лагідна Українізація Extension (macOS) */ = {
			isa = PBXNativeTarget;
			buildConfigurationList = 967C79C72F093F81000A6DED /* Build configuration list for PBXNativeTarget "Лагідна Українізація Extension (macOS)" */;
			buildPhases = (
				967C79A62F093F81000A6DED /* Sources */,
				967C79A72F093F81000A6DED /* Frameworks */,
				967C79A82F093F81000A6DED /* Resources */,
			);
			buildRules = (
			);
			dependencies = (
			);
			name = "Лагідна Українізація Extension (macOS)";
			packageProductDependencies = (
			);
			productName = "Лагідна Українізація Extension (macOS)";
			productReference = 967C79AA2F093F81000A6DED /* Лагідна Українізація Extension.appex */;
			productType = "com.apple.product-type.app-extension";
		};
/* End PBXNativeTarget section */

/* Begin PBXProject section */
		967C796F2F093F80000A6DED /* Project object */ = {
			isa = PBXProject;
			attributes = {
				BuildIndependentTargetsInParallel = 1;
				LastSwiftUpdateCheck = 2620;
				LastUpgradeCheck = 2620;
				TargetAttributes = {
					967C79812F093F81000A6DED = {
						CreatedOnToolsVersion = 26.2;
					};
					967C79932F093F81000A6DED = {
						CreatedOnToolsVersion = 26.2;
					};
					967C799F2F093F81000A6DED = {
						CreatedOnToolsVersion = 26.2;
					};
					967C79A92F093F81000A6DED = {
						CreatedOnToolsVersion = 26.2;
					};
				};
			};
			buildConfigurationList = 967C79722F093F80000A6DED /* Build configuration list for PBXProject "Лагідна Українізація" */;
			developmentRegion = en;
			hasScannedForEncodings = 0;
			knownRegions = (
				en,
				Base,
			);
			mainGroup = 967C796E2F093F80000A6DED;
			minimizedProjectReferenceProxies = 1;
			preferredProjectObjectVersion = 77;
			productRefGroup = 967C79832F093F81000A6DED /* Products */;
			projectDirPath = "";
			projectRoot = "";
			targets = (
				967C79812F093F81000A6DED /* Лагідна Українізація (iOS) */,
				967C79932F093F81000A6DED /* Лагідна Українізація (macOS) */,
				967C799F2F093F81000A6DED /* Лагідна Українізація Extension (iOS) */,
				967C79A92F093F81000A6DED /* Лагідна Українізація Extension (macOS) */,
			);
		};
/* End PBXProject section */

/* Begin PBXResourcesBuildPhase section */
		967C79802F093F81000A6DED /* Resources */ = {
			isa = PBXResourcesBuildPhase;
			buildActionMask = 2147483647;
			files = (
				967C79B22F093F81000A6DED /* Icon.png in Resources */,
				967C798B2F093F81000A6DED /* LaunchScreen.storyboard in Resources */,
				967C79B02F093F81000A6DED /* Main.html in Resources */,
				967C79B62F093F81000A6DED /* Script.js in Resources */,
				967C79BA2F093F81000A6DED /* Assets.xcassets in Resources */,
				967C798E2F093F81000A6DED /* Main.storyboard in Resources */,
				967C79B42F093F81000A6DED /* Style.css in Resources */,
			);
			runOnlyForDeploymentPostprocessing = 0;
		};
		967C79922F093F81000A6DED /* Resources */ = {
			isa = PBXResourcesBuildPhase;
			buildActionMask = 2147483647;
			files = (
				967C79B32F093F81000A6DED /* Icon.png in Resources */,
				967C79B52F093F81000A6DED /* Style.css in Resources */,
				967C799A2F093F81000A6DED /* Main.storyboard in Resources */,
				967C79B72F093F81000A6DED /* Script.js in Resources */,
				967C79BB2F093F81000A6DED /* Assets.xcassets in Resources */,
				967C79B12F093F81000A6DED /* Main.html in Resources */,
			);
			runOnlyForDeploymentPostprocessing = 0;
		};
		967C799E2F093F81000A6DED /* Resources */ = {
			isa = PBXResourcesBuildPhase;
			buildActionMask = 2147483647;
			files = (
				967C79F62F093F81000A6DED /* _locales in Resources */,
				967C79F72F093F81000A6DED /* content.bundle.js in Resources */,
				967C79F12F093F81000A6DED /* hmara-green.svg in Resources */,
				967C79F42F093F81000A6DED /* manifest.json in Resources */,
				967C79FB2F093F81000A6DED /* options.css in Resources */,
				967C79F82F093F81000A6DED /* icon-128.png in Resources */,
				967C79EE2F093F81000A6DED /* semantic.min.css in Resources */,
				967C79F52F093F81000A6DED /* options.html in Resources */,
				967C79F32F093F81000A6DED /* options.bundle.js in Resources */,
				967C79F92F093F81000A6DED /* themes in Resources */,
				967C79FA2F093F81000A6DED /* icon-32.png in Resources */,
				967C79EF2F093F81000A6DED /* background.bundle.js in Resources */,
				967C79F02F093F81000A6DED /* icon-64.png in Resources */,
				967C79F22F093F81000A6DED /* hmara.svg in Resources */,
			);
			runOnlyForDeploymentPostprocessing = 0;
		};
		967C79A82F093F81000A6DED /* Resources */ = {
			isa = PBXResourcesBuildPhase;
			buildActionMask = 2147483647;
			files = (
				967C79E82F093F81000A6DED /* _locales in Resources */,
				967C79E92F093F81000A6DED /* content.bundle.js in Resources */,
				967C79E32F093F81000A6DED /* hmara-green.svg in Resources */,
				967C79E62F093F81000A6DED /* manifest.json in Resources */,
				967C79ED2F093F81000A6DED /* options.css in Resources */,
				967C79EA2F093F81000A6DED /* icon-128.png in Resources */,
				967C79E02F093F81000A6DED /* semantic.min.css in Resources */,
				967C79E72F093F81000A6DED /* options.html in Resources */,
				967C79E52F093F81000A6DED /* options.bundle.js in Resources */,
				967C79EB2F093F81000A6DED /* themes in Resources */,
				967C79EC2F093F81000A6DED /* icon-32.png in Resources */,
				967C79E12F093F81000A6DED /* background.bundle.js in Resources */,
				967C79E22F093F81000A6DED /* icon-64.png in Resources */,
				967C79E42F093F81000A6DED /* hmara.svg in Resources */,
			);
			runOnlyForDeploymentPostprocessing = 0;
		};
/* End PBXResourcesBuildPhase section */

/* Begin PBXSourcesBuildPhase section */
		967C797E2F093F81000A6DED /* Sources */ = {
			isa = PBXSourcesBuildPhase;
			buildActionMask = 2147483647;
			files = (
				967C79B82F093F81000A6DED /* ViewController.swift in Sources */,
				967C79862F093F81000A6DED /* AppDelegate.swift in Sources */,
				967C79882F093F81000A6DED /* SceneDelegate.swift in Sources */,
			);
			runOnlyForDeploymentPostprocessing = 0;
		};
		967C79902F093F81000A6DED /* Sources */ = {
			isa = PBXSourcesBuildPhase;
			buildActionMask = 2147483647;
			files = (
				967C79B92F093F81000A6DED /* ViewController.swift in Sources */,
				967C79972F093F81000A6DED /* AppDelegate.swift in Sources */,
			);
			runOnlyForDeploymentPostprocessing = 0;
		};
		967C799C2F093F81000A6DED /* Sources */ = {
			isa = PBXSourcesBuildPhase;
			buildActionMask = 2147483647;
			files = (
				967C79BC2F093F81000A6DED /* SafariWebExtensionHandler.swift in Sources */,
			);
			runOnlyForDeploymentPostprocessing = 0;
		};
		967C79A62F093F81000A6DED /* Sources */ = {
			isa = PBXSourcesBuildPhase;
			buildActionMask = 2147483647;
			files = (
				967C79BD2F093F81000A6DED /* SafariWebExtensionHandler.swift in Sources */,
			);
			runOnlyForDeploymentPostprocessing = 0;
		};
/* End PBXSourcesBuildPhase section */

/* Begin PBXTargetDependency section */
		967C79A32F093F81000A6DED /* PBXTargetDependency */ = {
			isa = PBXTargetDependency;
			target = 967C799F2F093F81000A6DED /* Лагідна Українізація Extension (iOS) */;
			targetProxy = 967C79A22F093F81000A6DED /* PBXContainerItemProxy */;
		};
		967C79AD2F093F81000A6DED /* PBXTargetDependency */ = {
			isa = PBXTargetDependency;
			target = 967C79A92F093F81000A6DED /* Лагідна Українізація Extension (macOS) */;
			targetProxy = 967C79AC2F093F81000A6DED /* PBXContainerItemProxy */;
		};
/* End PBXTargetDependency section */

/* Begin PBXVariantGroup section */
		967C79752F093F80000A6DED /* Main.html */ = {
			isa = PBXVariantGroup;
			children = (
				967C79762F093F80000A6DED /* Base */,
			);
			name = Main.html;
			sourceTree = "<group>";
		};
		967C79892F093F81000A6DED /* LaunchScreen.storyboard */ = {
			isa = PBXVariantGroup;
			children = (
				967C798A2F093F81000A6DED /* Base */,
			);
			name = LaunchScreen.storyboard;
			sourceTree = "<group>";
		};
		967C798C2F093F81000A6DED /* Main.storyboard */ = {
			isa = PBXVariantGroup;
			children = (
				967C798D2F093F81000A6DED /* Base */,
			);
			name = Main.storyboard;
			sourceTree = "<group>";
		};
		967C79982F093F81000A6DED /* Main.storyboard */ = {
			isa = PBXVariantGroup;
			children = (
				967C79992F093F81000A6DED /* Base */,
			);
			name = Main.storyboard;
			sourceTree = "<group>";
		};
/* End PBXVariantGroup section */

/* Begin XCBuildConfiguration section */
		967C79BE2F093F81000A6DED /* Debug */ = {
			isa = XCBuildConfiguration;
			buildSettings = {
				ALWAYS_SEARCH_USER_PATHS = NO;
				ASSETCATALOG_COMPILER_GENERATE_SWIFT_ASSET_SYMBOL_EXTENSIONS = YES;
				CLANG_ANALYZER_NONNULL = YES;
				CLANG_ANALYZER_NUMBER_OBJECT_CONVERSION = YES_AGGRESSIVE;
				CLANG_CXX_LANGUAGE_STANDARD = "gnu++20";
				CLANG_ENABLE_MODULES = YES;
				CLANG_ENABLE_OBJC_ARC = YES;
				CLANG_ENABLE_OBJC_WEAK = YES;
				CLANG_WARN_BLOCK_CAPTURE_AUTORELEASING = YES;
				CLANG_WARN_BOOL_CONVERSION = YES;
				CLANG_WARN_COMMA = YES;
				CLANG_WARN_CONSTANT_CONVERSION = YES;
				CLANG_WARN_DEPRECATED_OBJC_IMPLEMENTATIONS = YES;
				CLANG_WARN_DIRECT_OBJC_ISA_USAGE = YES_ERROR;
				CLANG_WARN_DOCUMENTATION_COMMENTS = YES;
				CLANG_WARN_EMPTY_BODY = YES;
				CLANG_WARN_ENUM_CONVERSION = YES;
				CLANG_WARN_INFINITE_RECURSION = YES;
				CLANG_WARN_INT_CONVERSION = YES;
				CLANG_WARN_NON_LITERAL_NULL_CONVERSION = YES;
				CLANG_WARN_OBJC_IMPLICIT_RETAIN_SELF = YES;
				CLANG_WARN_OBJC_LITERAL_CONVERSION = YES;
				CLANG_WARN_OBJC_ROOT_CLASS = YES_ERROR;
				CLANG_WARN_QUOTED_INCLUDE_IN_FRAMEWORK_HEADER = YES;
				CLANG_WARN_RANGE_LOOP_ANALYSIS = YES;
				CLANG_WARN_STRICT_PROTOTYPES = YES;
				CLANG_WARN_SUSPICIOUS_MOVE = YES;
				CLANG_WARN_UNGUARDED_AVAILABILITY = YES_AGGRESSIVE;
				CLANG_WARN_UNREACHABLE_CODE = YES;
				CLANG_WARN__DUPLICATE_METHOD_MATCH = YES;
				COPY_PHASE_STRIP = NO;
				DEBUG_INFORMATION_FORMAT = dwarf;
				ENABLE_STRICT_OBJC_MSGSEND = YES;
				ENABLE_TESTABILITY = YES;
				ENABLE_USER_SCRIPT_SANDBOXING = YES;
				GCC_C_LANGUAGE_STANDARD = gnu17;
				GCC_DYNAMIC_NO_PIC = NO;
				GCC_NO_COMMON_BLOCKS = YES;
				GCC_OPTIMIZATION_LEVEL = 0;
				GCC_PREPROCESSOR_DEFINITIONS = (
					"DEBUG=1",
					"$(inherited)",
				);
				GCC_WARN_64_TO_32_BIT_CONVERSION = YES;
				GCC_WARN_ABOUT_RETURN_TYPE = YES_ERROR;
				GCC_WARN_UNDECLARED_SELECTOR = YES;
				GCC_WARN_UNINITIALIZED_AUTOS = YES_AGGRESSIVE;
				GCC_WARN_UNUSED_FUNCTION = YES;
				GCC_WARN_UNUSED_VARIABLE = YES;
				LOCALIZATION_PREFERS_STRING_CATALOGS = YES;
				MTL_ENABLE_DEBUG_INFO = INCLUDE_SOURCE;
				MTL_FAST_MATH = YES;
				ONLY_ACTIVE_ARCH = YES;
				SWIFT_ACTIVE_COMPILATION_CONDITIONS = "DEBUG $(inherited)";
				SWIFT_OPTIMIZATION_LEVEL = "-Onone";
			};
			name = Debug;
		};
		967C79BF2F093F81000A6DED /* Release */ = {
			isa = XCBuildConfiguration;
			buildSettings = {
				ALWAYS_SEARCH_USER_PATHS = NO;
				ASSETCATALOG_COMPILER_GENERATE_SWIFT_ASSET_SYMBOL_EXTENSIONS = YES;
				CLANG_ANALYZER_NONNULL = YES;
				CLANG_ANALYZER_NUMBER_OBJECT_CONVERSION = YES_AGGRESSIVE;
				CLANG_CXX_LANGUAGE_STANDARD = "gnu++20";
				CLANG_ENABLE_MODULES = YES;
				CLANG_ENABLE_OBJC_ARC = YES;
				CLANG_ENABLE_OBJC_WEAK = YES;
				CLANG_WARN_BLOCK_CAPTURE_AUTORELEASING = YES;
				CLANG_WARN_BOOL_CONVERSION = YES;
				CLANG_WARN_COMMA = YES;
				CLANG_WARN_CONSTANT_CONVERSION = YES;
				CLANG_WARN_DEPRECATED_OBJC_IMPLEMENTATIONS = YES;
				CLANG_WARN_DIRECT_OBJC_ISA_USAGE = YES_ERROR;
				CLANG_WARN_DOCUMENTATION_COMMENTS = YES;
				CLANG_WARN_EMPTY_BODY = YES;
				CLANG_WARN_ENUM_CONVERSION = YES;
				CLANG_WARN_INFINITE_RECURSION = YES;
				CLANG_WARN_INT_CONVERSION = YES;
				CLANG_WARN_NON_LITERAL_NULL_CONVERSION = YES;
				CLANG_WARN_OBJC_IMPLICIT_RETAIN_SELF = YES;
				CLANG_WARN_OBJC_LITERAL_CONVERSION = YES;
				CLANG_WARN_OBJC_ROOT_CLASS = YES_ERROR;
				CLANG_WARN_QUOTED_INCLUDE_IN_FRAMEWORK_HEADER = YES;
				CLANG_WARN_RANGE_LOOP_ANALYSIS = YES;
				CLANG_WARN_STRICT_PROTOTYPES = YES;
				CLANG_WARN_SUSPICIOUS_MOVE = YES;
				CLANG_WARN_UNGUARDED_AVAILABILITY = YES_AGGRESSIVE;
				CLANG_WARN_UNREACHABLE_CODE = YES;
				CLANG_WARN__DUPLICATE_METHOD_MATCH = YES;
				COPY_PHASE_STRIP = NO;
				DEBUG_INFORMATION_FORMAT = "dwarf-with-dsym";
				ENABLE_NS_ASSERTIONS = NO;
				ENABLE_STRICT_OBJC_MSGSEND = YES;
				ENABLE_USER_SCRIPT_SANDBOXING = YES;
				GCC_C_LANGUAGE_STANDARD = gnu17;
				GCC_NO_COMMON_BLOCKS = YES;
				GCC_WARN_64_TO_32_BIT_CONVERSION = YES;
				GCC_WARN_ABOUT_RETURN_TYPE = YES_ERROR;
				GCC_WARN_UNDECLARED_SELECTOR = YES;
				GCC_WARN_UNINITIALIZED_AUTOS = YES_AGGRESSIVE;
				GCC_WARN_UNUSED_FUNCTION = YES;
				GCC_WARN_UNUSED_VARIABLE = YES;
				LOCALIZATION_PREFERS_STRING_CATALOGS = YES;
				MTL_ENABLE_DEBUG_INFO = NO;
				MTL_FAST_MATH = YES;
				SWIFT_COMPILATION_MODE = wholemodule;
			};
			name = Release;
		};
		967C79C12F093F81000A6DED /* Debug */ = {
			isa = XCBuildConfiguration;
			buildSettings = {
				CODE_SIGN_STYLE = Automatic;
				CURRENT_PROJECT_VERSION = 1;
				DEVELOPMENT_TEAM = TSN945264Z;
				GENERATE_INFOPLIST_FILE = YES;
				INFOPLIST_FILE = "iOS (Extension)/Info.plist";
				INFOPLIST_KEY_CFBundleDisplayName = "Лагідна Українізація Extension";
				INFOPLIST_KEY_NSHumanReadableCopyright = "";
				IPHONEOS_DEPLOYMENT_TARGET = 15.0;
				LD_RUNPATH_SEARCH_PATHS = (
					"$(inherited)",
					"@executable_path/Frameworks",
					"@executable_path/../../Frameworks",
				);
				MARKETING_VERSION = 0.2.2;
				OTHER_LDFLAGS = (
					"-framework",
					SafariServices,
				);
				PRODUCT_BUNDLE_IDENTIFIER = "info.hmara.language-settings-manager.Extension";
				PRODUCT_NAME = "Лагідна Українізація Extension";
				SDKROOT = iphoneos;
				SKIP_INSTALL = YES;
				STRING_CATALOG_GENERATE_SYMBOLS = YES;
				SWIFT_APPROACHABLE_CONCURRENCY = YES;
				SWIFT_EMIT_LOC_STRINGS = YES;
				SWIFT_UPCOMING_FEATURE_MEMBER_IMPORT_VISIBILITY = YES;
				SWIFT_VERSION = 5.0;
				TARGETED_DEVICE_FAMILY = "1,2";
			};
			name = Debug;
		};
		967C79C22F093F81000A6DED /* Release */ = {
			isa = XCBuildConfiguration;
			buildSettings = {
				CODE_SIGN_STYLE = Automatic;
				CURRENT_PROJECT_VERSION = 1;
				DEVELOPMENT_TEAM = TSN945264Z;
				GENERATE_INFOPLIST_FILE = YES;
				INFOPLIST_FILE = "iOS (Extension)/Info.plist";
				INFOPLIST_KEY_CFBundleDisplayName = "Лагідна Українізація Extension";
				INFOPLIST_KEY_NSHumanReadableCopyright = "";
				IPHONEOS_DEPLOYMENT_TARGET = 15.0;
				LD_RUNPATH_SEARCH_PATHS = (
					"$(inherited)",
					"@executable_path/Frameworks",
					"@executable_path/../../Frameworks",
				);
				MARKETING_VERSION = 0.2.2;
				OTHER_LDFLAGS = (
					"-framework",
					SafariServices,
				);
				PRODUCT_BUNDLE_IDENTIFIER = "info.hmara.language-settings-manager.Extension";
				PRODUCT_NAME = "Лагідна Українізація Extension";
				SDKROOT = iphoneos;
				SKIP_INSTALL = YES;
				STRING_CATALOG_GENERATE_SYMBOLS = YES;
				SWIFT_APPROACHABLE_CONCURRENCY = YES;
				SWIFT_EMIT_LOC_STRINGS = YES;
				SWIFT_UPCOMING_FEATURE_MEMBER_IMPORT_VISIBILITY = YES;
				SWIFT_VERSION = 5.0;
				TARGETED_DEVICE_FAMILY = "1,2";
				VALIDATE_PRODUCT = YES;
			};
			name = Release;
		};
		967C79C52F093F81000A6DED /* Debug */ = {
			isa = XCBuildConfiguration;
			buildSettings = {
				ASSETCATALOG_COMPILER_APPICON_NAME = AppIcon;
				ASSETCATALOG_COMPILER_GLOBAL_ACCENT_COLOR_NAME = AccentColor;
				CODE_SIGN_STYLE = Automatic;
				CURRENT_PROJECT_VERSION = 1;
				DEVELOPMENT_TEAM = TSN945264Z;
				GENERATE_INFOPLIST_FILE = YES;
				INFOPLIST_FILE = "iOS (App)/Info.plist";
				INFOPLIST_KEY_CFBundleDisplayName = "Лагідна Українізація";
				INFOPLIST_KEY_LSApplicationCategoryType = "public.app-category.lifestyle";
				INFOPLIST_KEY_UIApplicationSupportsIndirectInputEvents = YES;
				INFOPLIST_KEY_UILaunchStoryboardName = LaunchScreen;
				INFOPLIST_KEY_UIMainStoryboardFile = Main;
				INFOPLIST_KEY_UISupportedInterfaceOrientations = "UIInterfaceOrientationPortrait UIInterfaceOrientationLandscapeLeft UIInterfaceOrientationLandscapeRight";
				INFOPLIST_KEY_UISupportedInterfaceOrientations_iPad = "UIInterfaceOrientationPortrait UIInterfaceOrientationPortraitUpsideDown UIInterfaceOrientationLandscapeLeft UIInterfaceOrientationLandscapeRight";
				IPHONEOS_DEPLOYMENT_TARGET = 15.0;
				LD_RUNPATH_SEARCH_PATHS = (
					"$(inherited)",
					"@executable_path/Frameworks",
				);
				MARKETING_VERSION = 0.2.2;
				OTHER_LDFLAGS = (
					"-framework",
					SafariServices,
					"-framework",
					WebKit,
				);
				PRODUCT_BUNDLE_IDENTIFIER = "info.hmara.language-settings-manager";
				PRODUCT_NAME = "Лагідна Українізація";
				SDKROOT = iphoneos;
				STRING_CATALOG_GENERATE_SYMBOLS = YES;
				SWIFT_APPROACHABLE_CONCURRENCY = YES;
				SWIFT_DEFAULT_ACTOR_ISOLATION = MainActor;
				SWIFT_EMIT_LOC_STRINGS = YES;
				SWIFT_UPCOMING_FEATURE_MEMBER_IMPORT_VISIBILITY = YES;
				SWIFT_VERSION = 5.0;
				TARGETED_DEVICE_FAMILY = "1,2";
			};
			name = Debug;
		};
		967C79C62F093F81000A6DED /* Release */ = {
			isa = XCBuildConfiguration;
			buildSettings = {
				ASSETCATALOG_COMPILER_APPICON_NAME = AppIcon;
				ASSETCATALOG_COMPILER_GLOBAL_ACCENT_COLOR_NAME = AccentColor;
				CODE_SIGN_STYLE = Automatic;
				CURRENT_PROJECT_VERSION = 1;
				DEVELOPMENT_TEAM = TSN945264Z;
				GENERATE_INFOPLIST_FILE = YES;
				INFOPLIST_FILE = "iOS (App)/Info.plist";
				INFOPLIST_KEY_CFBundleDisplayName = "Лагідна Українізація";
				INFOPLIST_KEY_LSApplicationCategoryType = "public.app-category.lifestyle";
				INFOPLIST_KEY_UIApplicationSupportsIndirectInputEvents = YES;
				INFOPLIST_KEY_UILaunchStoryboardName = LaunchScreen;
				INFOPLIST_KEY_UIMainStoryboardFile = Main;
				INFOPLIST_KEY_UISupportedInterfaceOrientations = "UIInterfaceOrientationPortrait UIInterfaceOrientationLandscapeLeft UIInterfaceOrientationLandscapeRight";
				INFOPLIST_KEY_UISupportedInterfaceOrientations_iPad = "UIInterfaceOrientationPortrait UIInterfaceOrientationPortraitUpsideDown UIInterfaceOrientationLandscapeLeft UIInterfaceOrientationLandscapeRight";
				IPHONEOS_DEPLOYMENT_TARGET = 15.0;
				LD_RUNPATH_SEARCH_PATHS = (
					"$(inherited)",
					"@executable_path/Frameworks",
				);
				MARKETING_VERSION = 0.2.2;
				OTHER_LDFLAGS = (
					"-framework",
					SafariServices,
					"-framework",
					WebKit,
				);
				PRODUCT_BUNDLE_IDENTIFIER = "info.hmara.language-settings-manager";
				PRODUCT_NAME = "Лагідна Українізація";
				SDKROOT = iphoneos;
				STRING_CATALOG_GENERATE_SYMBOLS = YES;
				SWIFT_APPROACHABLE_CONCURRENCY = YES;
				SWIFT_DEFAULT_ACTOR_ISOLATION = MainActor;
				SWIFT_EMIT_LOC_STRINGS = YES;
				SWIFT_UPCOMING_FEATURE_MEMBER_IMPORT_VISIBILITY = YES;
				SWIFT_VERSION = 5.0;
				TARGETED_DEVICE_FAMILY = "1,2";
				VALIDATE_PRODUCT = YES;
			};
			name = Release;
		};
		967C79C82F093F81000A6DED /* Debug */ = {
			isa = XCBuildConfiguration;
			buildSettings = {
				CODE_SIGN_STYLE = Automatic;
				CURRENT_PROJECT_VERSION = 1;
				DEVELOPMENT_TEAM = TSN945264Z;
				ENABLE_APP_SANDBOX = YES;
				ENABLE_HARDENED_RUNTIME = YES;
				ENABLE_USER_SELECTED_FILES = readonly;
				GENERATE_INFOPLIST_FILE = YES;
				INFOPLIST_FILE = "macOS (Extension)/Info.plist";
				INFOPLIST_KEY_CFBundleDisplayName = "Лагідна Українізація Extension";
				INFOPLIST_KEY_NSHumanReadableCopyright = "";
				LD_RUNPATH_SEARCH_PATHS = (
					"$(inherited)",
					"@executable_path/../Frameworks",
					"@executable_path/../../../../Frameworks",
				);
				MACOSX_DEPLOYMENT_TARGET = 10.14;
				MARKETING_VERSION = 0.2.2;
				OTHER_LDFLAGS = (
					"-framework",
					SafariServices,
				);
				PRODUCT_BUNDLE_IDENTIFIER = "info.hmara.language-settings-manager.Extension";
				PRODUCT_NAME = "Лагідна Українізація Extension";
				SDKROOT = macosx;
				SKIP_INSTALL = YES;
				STRING_CATALOG_GENERATE_SYMBOLS = YES;
				SWIFT_APPROACHABLE_CONCURRENCY = YES;
				SWIFT_EMIT_LOC_STRINGS = YES;
				SWIFT_UPCOMING_FEATURE_MEMBER_IMPORT_VISIBILITY = YES;
				SWIFT_VERSION = 5.0;
			};
			name = Debug;
		};
		967C79C92F093F81000A6DED /* Release */ = {
			isa = XCBuildConfiguration;
			buildSettings = {
				CODE_SIGN_STYLE = Automatic;
				CURRENT_PROJECT_VERSION = 1;
				DEVELOPMENT_TEAM = TSN945264Z;
				ENABLE_APP_SANDBOX = YES;
				ENABLE_HARDENED_RUNTIME = YES;
				ENABLE_USER_SELECTED_FILES = readonly;
				GENERATE_INFOPLIST_FILE = YES;
				INFOPLIST_FILE = "macOS (Extension)/Info.plist";
				INFOPLIST_KEY_CFBundleDisplayName = "Лагідна Українізація Extension";
				INFOPLIST_KEY_NSHumanReadableCopyright = "";
				LD_RUNPATH_SEARCH_PATHS = (
					"$(inherited)",
					"@executable_path/../Frameworks",
					"@executable_path/../../../../Frameworks",
				);
				MACOSX_DEPLOYMENT_TARGET = 10.14;
				MARKETING_VERSION = 0.2.2;
				OTHER_LDFLAGS = (
					"-framework",
					SafariServices,
				);
				PRODUCT_BUNDLE_IDENTIFIER = "info.hmara.language-settings-manager.Extension";
				PRODUCT_NAME = "Лагідна Українізація Extension";
				SDKROOT = macosx;
				SKIP_INSTALL = YES;
				STRING_CATALOG_GENERATE_SYMBOLS = YES;
				SWIFT_APPROACHABLE_CONCURRENCY = YES;
				SWIFT_EMIT_LOC_STRINGS = YES;
				SWIFT_UPCOMING_FEATURE_MEMBER_IMPORT_VISIBILITY = YES;
				SWIFT_VERSION = 5.0;
			};
			name = Release;
		};
		967C79CC2F093F81000A6DED /* Debug */ = {
			isa = XCBuildConfiguration;
			buildSettings = {
				ASSETCATALOG_COMPILER_APPICON_NAME = AppIcon;
				ASSETCATALOG_COMPILER_GLOBAL_ACCENT_COLOR_NAME = AccentColor;
				CODE_SIGN_STYLE = Automatic;
				CURRENT_PROJECT_VERSION = 1;
				DEVELOPMENT_TEAM = TSN945264Z;
				ENABLE_APP_SANDBOX = YES;
				ENABLE_HARDENED_RUNTIME = YES;
				ENABLE_OUTGOING_NETWORK_CONNECTIONS = YES;
				ENABLE_USER_SELECTED_FILES = readonly;
				GENERATE_INFOPLIST_FILE = YES;
				INFOPLIST_FILE = "macOS (App)/Info.plist";
				INFOPLIST_KEY_CFBundleDisplayName = "Лагідна Українізація";
				INFOPLIST_KEY_LSApplicationCategoryType = "public.app-category.lifestyle";
				INFOPLIST_KEY_NSMainStoryboardFile = Main;
				INFOPLIST_KEY_NSPrincipalClass = NSApplication;
				LD_RUNPATH_SEARCH_PATHS = (
					"$(inherited)",
					"@executable_path/../Frameworks",
				);
				MACOSX_DEPLOYMENT_TARGET = 10.14;
				MARKETING_VERSION = 0.2.2;
				OTHER_LDFLAGS = (
					"-framework",
					SafariServices,
					"-framework",
					WebKit,
				);
				PRODUCT_BUNDLE_IDENTIFIER = "info.hmara.language-settings-manager";
				PRODUCT_NAME = "Лагідна Українізація";
				REGISTER_APP_GROUPS = YES;
				SDKROOT = macosx;
				STRING_CATALOG_GENERATE_SYMBOLS = YES;
				SWIFT_APPROACHABLE_CONCURRENCY = YES;
				SWIFT_DEFAULT_ACTOR_ISOLATION = MainActor;
				SWIFT_EMIT_LOC_STRINGS = YES;
				SWIFT_UPCOMING_FEATURE_MEMBER_IMPORT_VISIBILITY = YES;
				SWIFT_VERSION = 5.0;
			};
			name = Debug;
		};
		967C79CD2F093F81000A6DED /* Release */ = {
			isa = XCBuildConfiguration;
			buildSettings = {
				ASSETCATALOG_COMPILER_APPICON_NAME = AppIcon;
				ASSETCATALOG_COMPILER_GLOBAL_ACCENT_COLOR_NAME = AccentColor;
				"CODE_SIGN_IDENTITY[sdk=macosx*]" = "iPhone Distribution";
				CODE_SIGN_STYLE = Manual;
				CURRENT_PROJECT_VERSION = 1;
				DEVELOPMENT_TEAM = "";
				"DEVELOPMENT_TEAM[sdk=macosx*]" = TSN945264Z;
				ENABLE_APP_SANDBOX = YES;
				ENABLE_HARDENED_RUNTIME = YES;
				ENABLE_OUTGOING_NETWORK_CONNECTIONS = YES;
				ENABLE_USER_SELECTED_FILES = readonly;
				GENERATE_INFOPLIST_FILE = YES;
				INFOPLIST_FILE = "macOS (App)/Info.plist";
				INFOPLIST_KEY_CFBundleDisplayName = "Лагідна Українізація";
				INFOPLIST_KEY_LSApplicationCategoryType = "public.app-category.lifestyle";
				INFOPLIST_KEY_NSMainStoryboardFile = Main;
				INFOPLIST_KEY_NSPrincipalClass = NSApplication;
				LD_RUNPATH_SEARCH_PATHS = (
					"$(inherited)",
					"@executable_path/../Frameworks",
				);
				MACOSX_DEPLOYMENT_TARGET = 10.14;
				MARKETING_VERSION = 0.2.2;
				OTHER_LDFLAGS = (
					"-framework",
					SafariServices,
					"-framework",
					WebKit,
				);
				PRODUCT_BUNDLE_IDENTIFIER = "info.hmara.language-settings-manager";
				PRODUCT_NAME = "Лагідна Українізація";
				PROVISIONING_PROFILE_SPECIFIER = "";
				"PROVISIONING_PROFILE_SPECIFIER[sdk=macosx*]" = "App Store distribution profile";
				REGISTER_APP_GROUPS = YES;
				SDKROOT = macosx;
				STRING_CATALOG_GENERATE_SYMBOLS = YES;
				SWIFT_APPROACHABLE_CONCURRENCY = YES;
				SWIFT_DEFAULT_ACTOR_ISOLATION = MainActor;
				SWIFT_EMIT_LOC_STRINGS = YES;
				SWIFT_UPCOMING_FEATURE_MEMBER_IMPORT_VISIBILITY = YES;
				SWIFT_VERSION = 5.0;
			};
			name = Release;
		};
/* End XCBuildConfiguration section */

/* Begin XCConfigurationList section */
		967C79722F093F80000A6DED /* Build configuration list for PBXProject "Лагідна Українізація" */ = {
			isa = XCConfigurationList;
			buildConfigurations = (
				967C79BE2F093F81000A6DED /* Debug */,
				967C79BF2F093F81000A6DED /* Release */,
			);
			defaultConfigurationIsVisible = 0;
			defaultConfigurationName = Release;
		};
		967C79C02F093F81000A6DED /* Build configuration list for PBXNativeTarget "Лагідна Українізація Extension (iOS)" */ = {
			isa = XCConfigurationList;
			buildConfigurations = (
				967C79C12F093F81000A6DED /* Debug */,
				967C79C22F093F81000A6DED /* Release */,
			);
			defaultConfigurationIsVisible = 0;
			defaultConfigurationName = Release;
		};
		967C79C42F093F81000A6DED /* Build configuration list for PBXNativeTarget "Лагідна Українізація (iOS)" */ = {
			isa = XCConfigurationList;
			buildConfigurations = (
				967C79C52F093F81000A6DED /* Debug */,
				967C79C62F093F81000A6DED /* Release */,
			);
			defaultConfigurationIsVisible = 0;
			defaultConfigurationName = Release;
		};
		967C79C72F093F81000A6DED /* Build configuration list for PBXNativeTarget "Лагідна Українізація Extension (macOS)" */ = {
			isa = XCConfigurationList;
			buildConfigurations = (
				967C79C82F093F81000A6DED /* Debug */,
				967C79C92F093F81000A6DED /* Release */,
			);
			defaultConfigurationIsVisible = 0;
			defaultConfigurationName = Release;
		};
		967C79CB2F093F81000A6DED /* Build configuration list for PBXNativeTarget "Лагідна Українізація (macOS)" */ = {
			isa = XCConfigurationList;
			buildConfigurations = (
				967C79CC2F093F81000A6DED /* Debug */,
				967C79CD2F093F81000A6DED /* Release */,
			);
			defaultConfigurationIsVisible = 0;
			defaultConfigurationName = Release;
		};
/* End XCConfigurationList section */
	};
	rootObject = 967C796F2F093F80000A6DED /* Project object */;
}
